// !$*UTF8*$!
{
	archiveVersion = 1;
	classes = {
	};
	objectVersion = 50;
	objects = {

/* Begin PBXBuildFile section */
		1627171020C8793900AA0024 /* BigChallengeTests.swift in Sources */ = {isa = PBXBuildFile; fileRef = 1627170F20C8793900AA0024 /* BigChallengeTests.swift */; };
		1627171E20C879AD00AA0024 /* BigChallengeUITests.swift in Sources */ = {isa = PBXBuildFile; fileRef = 1627171D20C879AD00AA0024 /* BigChallengeUITests.swift */; };
		1627EBEDDA20D9C1EB6BC691 /* Pods_BigChallengeTests.framework in Frameworks */ = {isa = PBXBuildFile; fileRef = 558C6AF329AB768E11815BB8 /* Pods_BigChallengeTests.framework */; };
		1676FC9020D99580003E2D79 /* TaskModel.swift in Sources */ = {isa = PBXBuildFile; fileRef = 1676FC8F20D99580003E2D79 /* TaskModel.swift */; };
		16E8DDC9211205E8004F66D6 /* Barlow-Black.ttf in Resources */ = {isa = PBXBuildFile; fileRef = 16E8DDC6211205C6004F66D6 /* Barlow-Black.ttf */; };
		16E8DDCA211205E8004F66D6 /* Barlow-BlackItalic.ttf in Resources */ = {isa = PBXBuildFile; fileRef = 16E8DDBB211205C3004F66D6 /* Barlow-BlackItalic.ttf */; };
		16E8DDCB211205E8004F66D6 /* Barlow-Bold.ttf in Resources */ = {isa = PBXBuildFile; fileRef = 16E8DDB8211205C2004F66D6 /* Barlow-Bold.ttf */; };
		16E8DDCC211205E8004F66D6 /* Barlow-BoldItalic.ttf in Resources */ = {isa = PBXBuildFile; fileRef = 16E8DDBE211205C4004F66D6 /* Barlow-BoldItalic.ttf */; };
		16E8DDCD211205E8004F66D6 /* Barlow-ExtraBold.ttf in Resources */ = {isa = PBXBuildFile; fileRef = 16E8DDB7211205C2004F66D6 /* Barlow-ExtraBold.ttf */; };
		16E8DDCE211205E8004F66D6 /* Barlow-ExtraBoldItalic.ttf in Resources */ = {isa = PBXBuildFile; fileRef = 16E8DDBD211205C4004F66D6 /* Barlow-ExtraBoldItalic.ttf */; };
		16E8DDCF211205E8004F66D6 /* Barlow-ExtraLight.ttf in Resources */ = {isa = PBXBuildFile; fileRef = 16E8DDC3211205C5004F66D6 /* Barlow-ExtraLight.ttf */; };
		16E8DDD0211205E8004F66D6 /* Barlow-ExtraLightItalic.ttf in Resources */ = {isa = PBXBuildFile; fileRef = 16E8DDB9211205C3004F66D6 /* Barlow-ExtraLightItalic.ttf */; };
		16E8DDD1211205E8004F66D6 /* Barlow-Italic.ttf in Resources */ = {isa = PBXBuildFile; fileRef = 16E8DDC7211205C6004F66D6 /* Barlow-Italic.ttf */; };
		16E8DDD2211205E8004F66D6 /* Barlow-Light.ttf in Resources */ = {isa = PBXBuildFile; fileRef = 16E8DDC4211205C5004F66D6 /* Barlow-Light.ttf */; };
		16E8DDD3211205E8004F66D6 /* Barlow-LightItalic.ttf in Resources */ = {isa = PBXBuildFile; fileRef = 16E8DDBC211205C3004F66D6 /* Barlow-LightItalic.ttf */; };
		16E8DDD4211205E8004F66D6 /* Barlow-Medium.ttf in Resources */ = {isa = PBXBuildFile; fileRef = 16E8DDBA211205C3004F66D6 /* Barlow-Medium.ttf */; };
		16E8DDD5211205E8004F66D6 /* Barlow-MediumItalic.ttf in Resources */ = {isa = PBXBuildFile; fileRef = 16E8DDBF211205C4004F66D6 /* Barlow-MediumItalic.ttf */; };
		16E8DDD6211205E8004F66D6 /* Barlow-Regular.ttf in Resources */ = {isa = PBXBuildFile; fileRef = 16E8DDC0211205C4004F66D6 /* Barlow-Regular.ttf */; };
		16E8DDD7211205E8004F66D6 /* Barlow-SemiBold.ttf in Resources */ = {isa = PBXBuildFile; fileRef = 16E8DDC2211205C5004F66D6 /* Barlow-SemiBold.ttf */; };
		16E8DDD8211205E8004F66D6 /* Barlow-SemiBoldItalic.ttf in Resources */ = {isa = PBXBuildFile; fileRef = 16E8DDC5211205C5004F66D6 /* Barlow-SemiBoldItalic.ttf */; };
		16E8DDD9211205E8004F66D6 /* Barlow-Thin.ttf in Resources */ = {isa = PBXBuildFile; fileRef = 16E8DDC1211205C4004F66D6 /* Barlow-Thin.ttf */; };
		16E8DDDA211205E8004F66D6 /* Barlow-ThinItalic.ttf in Resources */ = {isa = PBXBuildFile; fileRef = 16E8DDB6211205C1004F66D6 /* Barlow-ThinItalic.ttf */; };
		16EC6CEA21065B2500797D9C /* TagTests.swift in Sources */ = {isa = PBXBuildFile; fileRef = 16EC6CE921065B2500797D9C /* TagTests.swift */; };
		16FDC139210BB237008FA931 /* NotificationTests.swift in Sources */ = {isa = PBXBuildFile; fileRef = 16FDC138210BB237008FA931 /* NotificationTests.swift */; };
		16FDC13C210F809A008FA931 /* NotificationManager.swift in Sources */ = {isa = PBXBuildFile; fileRef = 16FDC13B210F809A008FA931 /* NotificationManager.swift */; };
		221BA8AF20F6991200BE2AC1 /* HomeScreen.storyboard in Resources */ = {isa = PBXBuildFile; fileRef = 221BA8AE20F6991200BE2AC1 /* HomeScreen.storyboard */; };
		221BA8B320F69E5C00BE2AC1 /* HomeScreenViewController.swift in Sources */ = {isa = PBXBuildFile; fileRef = 221BA8B220F69E5C00BE2AC1 /* HomeScreenViewController.swift */; };
		221BA8B620F6A18500BE2AC1 /* TagCollection.storyboard in Resources */ = {isa = PBXBuildFile; fileRef = 221BA8B520F6A18500BE2AC1 /* TagCollection.storyboard */; };
		221BA8B820F6A1DF00BE2AC1 /* TagCollectionViewController.swift in Sources */ = {isa = PBXBuildFile; fileRef = 221BA8B720F6A1DF00BE2AC1 /* TagCollectionViewController.swift */; };
		221BA8BA20F6A26100BE2AC1 /* TagCollectionViewModel.swift in Sources */ = {isa = PBXBuildFile; fileRef = 221BA8B920F6A26100BE2AC1 /* TagCollectionViewModel.swift */; };
		22205ADD20FF7ADF007689D7 /* BigTagCollectionViewController.swift in Sources */ = {isa = PBXBuildFile; fileRef = 22205ADC20FF7ADF007689D7 /* BigTagCollectionViewController.swift */; };
		222BFF9420ED92C7001B6BBF /* RemindersCommunicator.swift in Sources */ = {isa = PBXBuildFile; fileRef = 222BFF9320ED92C7001B6BBF /* RemindersCommunicator.swift */; };
		222BFF9720EDB854001B6BBF /* RemindersImporter.swift in Sources */ = {isa = PBXBuildFile; fileRef = 222BFF9620EDB854001B6BBF /* RemindersImporter.swift */; };
		22325A7420FB8E0500E5F8C6 /* HomeScreenViewModel.swift in Sources */ = {isa = PBXBuildFile; fileRef = 22325A7320FB8E0500E5F8C6 /* HomeScreenViewModel.swift */; };
		22325A7720FBC3F100E5F8C6 /* TagCollectionViewCell.swift in Sources */ = {isa = PBXBuildFile; fileRef = 22325A7620FBC3F100E5F8C6 /* TagCollectionViewCell.swift */; };
		22325A7920FBC56B00E5F8C6 /* TagCollectionViewCellViewModel.swift in Sources */ = {isa = PBXBuildFile; fileRef = 22325A7820FBC56B00E5F8C6 /* TagCollectionViewCellViewModel.swift */; };
		223C0BE120E4449C00CF39ED /* LocalPersistence.swift in Sources */ = {isa = PBXBuildFile; fileRef = 223C0BE020E4449C00CF39ED /* LocalPersistence.swift */; };
		223C0C0620E5293500CF39ED /* PersistenceProtocol.swift in Sources */ = {isa = PBXBuildFile; fileRef = 223C0C0520E5293500CF39ED /* PersistenceProtocol.swift */; };
		223C0C0820E529D600CF39ED /* Persistence.swift in Sources */ = {isa = PBXBuildFile; fileRef = 223C0C0720E529D600CF39ED /* Persistence.swift */; };
		223C0C3920E5678100CF39ED /* LocalPersistence.swift in Sources */ = {isa = PBXBuildFile; fileRef = 223C0BE020E4449C00CF39ED /* LocalPersistence.swift */; };
		223C0C3C20E5681200CF39ED /* Storable.swift in Sources */ = {isa = PBXBuildFile; fileRef = C2A1113C20B88A2F00ABB161 /* Storable.swift */; };
		223C0C3D20E5681500CF39ED /* PersistenceProtocol.swift in Sources */ = {isa = PBXBuildFile; fileRef = 223C0C0520E5293500CF39ED /* PersistenceProtocol.swift */; };
		223C0C3E20E568DE00CF39ED /* Enums.swift in Sources */ = {isa = PBXBuildFile; fileRef = C21EAD1020B754AE005F0F85 /* Enums.swift */; };
		223C0C4020E5697700CF39ED /* Enums.swift in Sources */ = {isa = PBXBuildFile; fileRef = C21EAD1020B754AE005F0F85 /* Enums.swift */; };
		223C0C4120E5697800CF39ED /* Enums.swift in Sources */ = {isa = PBXBuildFile; fileRef = C21EAD1020B754AE005F0F85 /* Enums.swift */; };
		2241F36920ED08340069EFE9 /* TagModel.swift in Sources */ = {isa = PBXBuildFile; fileRef = 2241F36820ED08340069EFE9 /* TagModel.swift */; };
		22456D2920DC3BB000168894 /* dateExtension.swift in Sources */ = {isa = PBXBuildFile; fileRef = 22456D2820DC3BB000168894 /* dateExtension.swift */; };
		2253179A20D147AD0065C9F9 /* Localizable.strings in Resources */ = {isa = PBXBuildFile; fileRef = 2253179C20D147AD0065C9F9 /* Localizable.strings */; };
		2255B3AC211295DD00F2F37C /* radiusMapView.swift in Sources */ = {isa = PBXBuildFile; fileRef = 2255B3AB211295DD00F2F37C /* radiusMapView.swift */; };
		2255B3AE2113209800F2F37C /* LocationInputViewModel.swift in Sources */ = {isa = PBXBuildFile; fileRef = 2255B3AD2113209800F2F37C /* LocationInputViewModel.swift */; };
		225852822100C5BE0011F4B0 /* TagsCollectionView.swift in Sources */ = {isa = PBXBuildFile; fileRef = 225852812100C5BE0011F4B0 /* TagsCollectionView.swift */; };
		226CEA0520E17E87008CEB97 /* Strings.swift in Sources */ = {isa = PBXBuildFile; fileRef = 226CEA0420E17E87008CEB97 /* Strings.swift */; };
		2286A71620E3DF2100BE92AA /* Model.xcdatamodeld in Sources */ = {isa = PBXBuildFile; fileRef = 2286A71420E3DF2100BE92AA /* Model.xcdatamodeld */; };
		228BAD442108C22400E74AA9 /* Fonts.swift in Sources */ = {isa = PBXBuildFile; fileRef = 228BAD432108C22400E74AA9 /* Fonts.swift */; };
		2299F07920F628A70074A834 /* LocationManager.swift in Sources */ = {isa = PBXBuildFile; fileRef = 2299F07820F628A70074A834 /* LocationManager.swift */; };
		22CC1865210511CC00486B27 /* Colors.swift in Sources */ = {isa = PBXBuildFile; fileRef = 22CC1864210511CC00486B27 /* Colors.swift */; };
		22D84C63210BF1E3004B8969 /* LocationInputView.storyboard in Resources */ = {isa = PBXBuildFile; fileRef = 22D84C62210BF1E3004B8969 /* LocationInputView.storyboard */; };
		22D84C65210BF4D1004B8969 /* LocationInputView.swift in Sources */ = {isa = PBXBuildFile; fileRef = 22D84C64210BF4D1004B8969 /* LocationInputView.swift */; };
		25A3EF9F7B0FADAB1A8E19B8 /* Pods_BigChallengeUITests.framework in Frameworks */ = {isa = PBXBuildFile; fileRef = A18C9FEFF01841372B83A1C4 /* Pods_BigChallengeUITests.framework */; };
		2934BCCA21003E0700B6A05A /* TaskTests.swift in Sources */ = {isa = PBXBuildFile; fileRef = 2934BCC921003E0700B6A05A /* TaskTests.swift */; };
		294490EE20FD297200333F11 /* TaskViewModelTests.swift in Sources */ = {isa = PBXBuildFile; fileRef = 294490ED20FD297200333F11 /* TaskViewModelTests.swift */; };
		29B6302821102B6A006D7A8A /* RemindersImporterTests.swift in Sources */ = {isa = PBXBuildFile; fileRef = 29B6302721102B6A006D7A8A /* RemindersImporterTests.swift */; };
		29BEED5F2107E946008E2202 /* ImportDataPacket.swift in Sources */ = {isa = PBXBuildFile; fileRef = 29BEED5E2107E946008E2202 /* ImportDataPacket.swift */; };
		C21EAD0020B741BC005F0F85 /* HomeScreenCoordinator.swift in Sources */ = {isa = PBXBuildFile; fileRef = C21EACFF20B741BC005F0F85 /* HomeScreenCoordinator.swift */; };
		C21EAD0720B74757005F0F85 /* TaskListViewController.swift in Sources */ = {isa = PBXBuildFile; fileRef = C21EAD0620B74757005F0F85 /* TaskListViewController.swift */; };
		C21EAD0B20B74F01005F0F85 /* StoryboardInstantiable.swift in Sources */ = {isa = PBXBuildFile; fileRef = C21EAD0A20B74F01005F0F85 /* StoryboardInstantiable.swift */; };
		C21EAD0F20B75211005F0F85 /* TaskListViewModel.swift in Sources */ = {isa = PBXBuildFile; fileRef = C21EAD0E20B75211005F0F85 /* TaskListViewModel.swift */; };
		C231118E20FFC75200BCB000 /* NewTag.storyboard in Resources */ = {isa = PBXBuildFile; fileRef = C231118C20FFC75200BCB000 /* NewTag.storyboard */; };
		C231118F20FFC75200BCB000 /* NewTagTableViewController.swift in Sources */ = {isa = PBXBuildFile; fileRef = C231118D20FFC75200BCB000 /* NewTagTableViewController.swift */; };
		C231119120FFC92800BCB000 /* NewTaskViewModelProtocol.swift in Sources */ = {isa = PBXBuildFile; fileRef = C231119020FFC92800BCB000 /* NewTaskViewModelProtocol.swift */; };
		C231119320FFC95300BCB000 /* NewTagViewModelProtocol.swift in Sources */ = {isa = PBXBuildFile; fileRef = C231119220FFC95300BCB000 /* NewTagViewModelProtocol.swift */; };
		C23753AE20B6461E00C1CE15 /* Coordinator.swift in Sources */ = {isa = PBXBuildFile; fileRef = C23753AD20B6461E00C1CE15 /* Coordinator.swift */; };
		C23753B020B6463700C1CE15 /* ApplicationCoordinator.swift in Sources */ = {isa = PBXBuildFile; fileRef = C23753AF20B6463700C1CE15 /* ApplicationCoordinator.swift */; };
		C25F5AA92108FEB3001E1561 /* NewTaskViewController.swift in Sources */ = {isa = PBXBuildFile; fileRef = C25F5AA82108FEB3001E1561 /* NewTaskViewController.swift */; };
		C28DC91A20B61CB6007F881A /* AppDelegate.swift in Sources */ = {isa = PBXBuildFile; fileRef = C28DC91920B61CB6007F881A /* AppDelegate.swift */; };
		C28DC91F20B61CB6007F881A /* TaskList.storyboard in Resources */ = {isa = PBXBuildFile; fileRef = C28DC91D20B61CB6007F881A /* TaskList.storyboard */; };
		C28DC92120B61CB9007F881A /* Assets.xcassets in Resources */ = {isa = PBXBuildFile; fileRef = C28DC92020B61CB9007F881A /* Assets.xcassets */; };
		C28DC92420B61CB9007F881A /* LaunchScreen.storyboard in Resources */ = {isa = PBXBuildFile; fileRef = C28DC92220B61CB9007F881A /* LaunchScreen.storyboard */; };
		C29742C521123D3400A1D213 /* TaskFrame.storyboard in Resources */ = {isa = PBXBuildFile; fileRef = C29742C421123D3400A1D213 /* TaskFrame.storyboard */; };
		C29742CA21123E2D00A1D213 /* MoreOptions.storyboard in Resources */ = {isa = PBXBuildFile; fileRef = C29742C921123E2D00A1D213 /* MoreOptions.storyboard */; };
		C29742CC211244F800A1D213 /* MoreOptionsViewModelProtocol.swift in Sources */ = {isa = PBXBuildFile; fileRef = C29742CB211244F800A1D213 /* MoreOptionsViewModelProtocol.swift */; };
		C29742CE211249B000A1D213 /* MoreOptionsViewModel.swift in Sources */ = {isa = PBXBuildFile; fileRef = C29742CD211249B000A1D213 /* MoreOptionsViewModel.swift */; };
		C29742D021124F1600A1D213 /* MoreOptionsTableViewCellViewModel.swift in Sources */ = {isa = PBXBuildFile; fileRef = C29742CF21124F1600A1D213 /* MoreOptionsTableViewCellViewModel.swift */; };
		C29742D2211257A600A1D213 /* TimeTableViewCellViewModel.swift in Sources */ = {isa = PBXBuildFile; fileRef = C29742D1211257A600A1D213 /* TimeTableViewCellViewModel.swift */; };
		C29742D4211257B600A1D213 /* LocationTableViewCellViewModel.swift in Sources */ = {isa = PBXBuildFile; fileRef = C29742D3211257B600A1D213 /* LocationTableViewCellViewModel.swift */; };
		C2A1113B20B8791E00ABB161 /* MockPersistence.swift in Sources */ = {isa = PBXBuildFile; fileRef = C2A1113A20B8791E00ABB161 /* MockPersistence.swift */; };
		C2A1113D20B88A2F00ABB161 /* Storable.swift in Sources */ = {isa = PBXBuildFile; fileRef = C2A1113C20B88A2F00ABB161 /* Storable.swift */; };
		C2A1114020B8A70A00ABB161 /* TaskCellViewModel.swift in Sources */ = {isa = PBXBuildFile; fileRef = C2A1113F20B8A70A00ABB161 /* TaskCellViewModel.swift */; };
		C2A1114220B8AED400ABB161 /* TaskTableViewCell.swift in Sources */ = {isa = PBXBuildFile; fileRef = C2A1114120B8AED400ABB161 /* TaskTableViewCell.swift */; };
		C2A1114720B9F6EF00ABB161 /* NewTask.storyboard in Resources */ = {isa = PBXBuildFile; fileRef = C2A1114620B9F6EF00ABB161 /* NewTask.storyboard */; };
		C2A1115120B9FCDB00ABB161 /* NewTaskViewModel.swift in Sources */ = {isa = PBXBuildFile; fileRef = C2A1115020B9FCDB00ABB161 /* NewTaskViewModel.swift */; };
		C2A1115320BA036800ABB161 /* NewTaskCoordinator.swift in Sources */ = {isa = PBXBuildFile; fileRef = C2A1115220BA036800ABB161 /* NewTaskCoordinator.swift */; };
		C2C231C120FD1AB2002A2371 /* NewTagViewModel.swift in Sources */ = {isa = PBXBuildFile; fileRef = C2C231C020FD1AB2002A2371 /* NewTagViewModel.swift */; };
		C2C231C520FD41AE002A2371 /* NewTagCoordinator.swift in Sources */ = {isa = PBXBuildFile; fileRef = C2C231C420FD41AE002A2371 /* NewTagCoordinator.swift */; };
		C2DD9A28210D262D00E9B89B /* TaskFrameViewController.swift in Sources */ = {isa = PBXBuildFile; fileRef = C2DD9A27210D262D00E9B89B /* TaskFrameViewController.swift */; };
		C2DD9A3321114ADD00E9B89B /* MoreOptionsViewController.swift in Sources */ = {isa = PBXBuildFile; fileRef = C2DD9A3221114ADD00E9B89B /* MoreOptionsViewController.swift */; };
		C2DD9A3521114FBC00E9B89B /* MoreOptionsTableViewCell.swift in Sources */ = {isa = PBXBuildFile; fileRef = C2DD9A3421114FBC00E9B89B /* MoreOptionsTableViewCell.swift */; };
		EE3649E90DE055B9D5168F01 /* Pods_BigChallenge.framework in Frameworks */ = {isa = PBXBuildFile; fileRef = 7E8708FC5A67C933F755CB93 /* Pods_BigChallenge.framework */; };
/* End PBXBuildFile section */

/* Begin PBXContainerItemProxy section */
		1627171220C8793900AA0024 /* PBXContainerItemProxy */ = {
			isa = PBXContainerItemProxy;
			containerPortal = C28DC90E20B61CB6007F881A /* Project object */;
			proxyType = 1;
			remoteGlobalIDString = C28DC91520B61CB6007F881A;
			remoteInfo = BigChallenge;
		};
		1627172020C879AD00AA0024 /* PBXContainerItemProxy */ = {
			isa = PBXContainerItemProxy;
			containerPortal = C28DC90E20B61CB6007F881A /* Project object */;
			proxyType = 1;
			remoteGlobalIDString = C28DC91520B61CB6007F881A;
			remoteInfo = BigChallenge;
		};
/* End PBXContainerItemProxy section */

/* Begin PBXFileReference section */
		1627170D20C8793900AA0024 /* BigChallengeTests.xctest */ = {isa = PBXFileReference; explicitFileType = wrapper.cfbundle; includeInIndex = 0; path = BigChallengeTests.xctest; sourceTree = BUILT_PRODUCTS_DIR; };
		1627170F20C8793900AA0024 /* BigChallengeTests.swift */ = {isa = PBXFileReference; lastKnownFileType = sourcecode.swift; path = BigChallengeTests.swift; sourceTree = "<group>"; };
		1627171120C8793900AA0024 /* Info.plist */ = {isa = PBXFileReference; lastKnownFileType = text.plist.xml; path = Info.plist; sourceTree = "<group>"; };
		1627171B20C879AD00AA0024 /* BigChallengeUITests.xctest */ = {isa = PBXFileReference; explicitFileType = wrapper.cfbundle; includeInIndex = 0; path = BigChallengeUITests.xctest; sourceTree = BUILT_PRODUCTS_DIR; };
		1627171D20C879AD00AA0024 /* BigChallengeUITests.swift */ = {isa = PBXFileReference; lastKnownFileType = sourcecode.swift; path = BigChallengeUITests.swift; sourceTree = "<group>"; };
		1627171F20C879AD00AA0024 /* Info.plist */ = {isa = PBXFileReference; lastKnownFileType = text.plist.xml; path = Info.plist; sourceTree = "<group>"; };
		1676FC8F20D99580003E2D79 /* TaskModel.swift */ = {isa = PBXFileReference; lastKnownFileType = sourcecode.swift; path = TaskModel.swift; sourceTree = "<group>"; };
		16E8DDB6211205C1004F66D6 /* Barlow-ThinItalic.ttf */ = {isa = PBXFileReference; lastKnownFileType = file; path = "Barlow-ThinItalic.ttf"; sourceTree = "<group>"; };
		16E8DDB7211205C2004F66D6 /* Barlow-ExtraBold.ttf */ = {isa = PBXFileReference; lastKnownFileType = file; path = "Barlow-ExtraBold.ttf"; sourceTree = "<group>"; };
		16E8DDB8211205C2004F66D6 /* Barlow-Bold.ttf */ = {isa = PBXFileReference; lastKnownFileType = file; path = "Barlow-Bold.ttf"; sourceTree = "<group>"; };
		16E8DDB9211205C3004F66D6 /* Barlow-ExtraLightItalic.ttf */ = {isa = PBXFileReference; lastKnownFileType = file; path = "Barlow-ExtraLightItalic.ttf"; sourceTree = "<group>"; };
		16E8DDBA211205C3004F66D6 /* Barlow-Medium.ttf */ = {isa = PBXFileReference; lastKnownFileType = file; path = "Barlow-Medium.ttf"; sourceTree = "<group>"; };
		16E8DDBB211205C3004F66D6 /* Barlow-BlackItalic.ttf */ = {isa = PBXFileReference; lastKnownFileType = file; path = "Barlow-BlackItalic.ttf"; sourceTree = "<group>"; };
		16E8DDBC211205C3004F66D6 /* Barlow-LightItalic.ttf */ = {isa = PBXFileReference; lastKnownFileType = file; path = "Barlow-LightItalic.ttf"; sourceTree = "<group>"; };
		16E8DDBD211205C4004F66D6 /* Barlow-ExtraBoldItalic.ttf */ = {isa = PBXFileReference; lastKnownFileType = file; path = "Barlow-ExtraBoldItalic.ttf"; sourceTree = "<group>"; };
		16E8DDBE211205C4004F66D6 /* Barlow-BoldItalic.ttf */ = {isa = PBXFileReference; lastKnownFileType = file; path = "Barlow-BoldItalic.ttf"; sourceTree = "<group>"; };
		16E8DDBF211205C4004F66D6 /* Barlow-MediumItalic.ttf */ = {isa = PBXFileReference; lastKnownFileType = file; path = "Barlow-MediumItalic.ttf"; sourceTree = "<group>"; };
		16E8DDC0211205C4004F66D6 /* Barlow-Regular.ttf */ = {isa = PBXFileReference; lastKnownFileType = file; path = "Barlow-Regular.ttf"; sourceTree = "<group>"; };
		16E8DDC1211205C4004F66D6 /* Barlow-Thin.ttf */ = {isa = PBXFileReference; lastKnownFileType = file; path = "Barlow-Thin.ttf"; sourceTree = "<group>"; };
		16E8DDC2211205C5004F66D6 /* Barlow-SemiBold.ttf */ = {isa = PBXFileReference; lastKnownFileType = file; path = "Barlow-SemiBold.ttf"; sourceTree = "<group>"; };
		16E8DDC3211205C5004F66D6 /* Barlow-ExtraLight.ttf */ = {isa = PBXFileReference; lastKnownFileType = file; path = "Barlow-ExtraLight.ttf"; sourceTree = "<group>"; };
		16E8DDC4211205C5004F66D6 /* Barlow-Light.ttf */ = {isa = PBXFileReference; lastKnownFileType = file; path = "Barlow-Light.ttf"; sourceTree = "<group>"; };
		16E8DDC5211205C5004F66D6 /* Barlow-SemiBoldItalic.ttf */ = {isa = PBXFileReference; lastKnownFileType = file; path = "Barlow-SemiBoldItalic.ttf"; sourceTree = "<group>"; };
		16E8DDC6211205C6004F66D6 /* Barlow-Black.ttf */ = {isa = PBXFileReference; lastKnownFileType = file; path = "Barlow-Black.ttf"; sourceTree = "<group>"; };
		16E8DDC7211205C6004F66D6 /* Barlow-Italic.ttf */ = {isa = PBXFileReference; lastKnownFileType = file; path = "Barlow-Italic.ttf"; sourceTree = "<group>"; };
		16EC6CE921065B2500797D9C /* TagTests.swift */ = {isa = PBXFileReference; lastKnownFileType = sourcecode.swift; path = TagTests.swift; sourceTree = "<group>"; };
		16FDC138210BB237008FA931 /* NotificationTests.swift */ = {isa = PBXFileReference; lastKnownFileType = sourcecode.swift; path = NotificationTests.swift; sourceTree = "<group>"; };
		16FDC13B210F809A008FA931 /* NotificationManager.swift */ = {isa = PBXFileReference; lastKnownFileType = sourcecode.swift; path = NotificationManager.swift; sourceTree = "<group>"; };
		220D7C1C20D02E5E007EC0DD /* RxSwift.framework */ = {isa = PBXFileReference; explicitFileType = wrapper.framework; path = RxSwift.framework; sourceTree = BUILT_PRODUCTS_DIR; };
		221BA8AE20F6991200BE2AC1 /* HomeScreen.storyboard */ = {isa = PBXFileReference; lastKnownFileType = file.storyboard; path = HomeScreen.storyboard; sourceTree = "<group>"; };
		221BA8B220F69E5C00BE2AC1 /* HomeScreenViewController.swift */ = {isa = PBXFileReference; lastKnownFileType = sourcecode.swift; path = HomeScreenViewController.swift; sourceTree = "<group>"; };
		221BA8B520F6A18500BE2AC1 /* TagCollection.storyboard */ = {isa = PBXFileReference; lastKnownFileType = file.storyboard; path = TagCollection.storyboard; sourceTree = "<group>"; };
		221BA8B720F6A1DF00BE2AC1 /* TagCollectionViewController.swift */ = {isa = PBXFileReference; lastKnownFileType = sourcecode.swift; path = TagCollectionViewController.swift; sourceTree = "<group>"; };
		221BA8B920F6A26100BE2AC1 /* TagCollectionViewModel.swift */ = {isa = PBXFileReference; lastKnownFileType = sourcecode.swift; path = TagCollectionViewModel.swift; sourceTree = "<group>"; };
		221BA8BD20F6B0EF00BE2AC1 /* en */ = {isa = PBXFileReference; lastKnownFileType = text.plist.strings; name = en; path = en.lproj/TaskList.strings; sourceTree = "<group>"; };
		22205ADC20FF7ADF007689D7 /* BigTagCollectionViewController.swift */ = {isa = PBXFileReference; lastKnownFileType = sourcecode.swift; path = BigTagCollectionViewController.swift; sourceTree = "<group>"; };
		222BFF9320ED92C7001B6BBF /* RemindersCommunicator.swift */ = {isa = PBXFileReference; lastKnownFileType = sourcecode.swift; path = RemindersCommunicator.swift; sourceTree = "<group>"; };
		222BFF9620EDB854001B6BBF /* RemindersImporter.swift */ = {isa = PBXFileReference; lastKnownFileType = sourcecode.swift; path = RemindersImporter.swift; sourceTree = "<group>"; };
		22325A7320FB8E0500E5F8C6 /* HomeScreenViewModel.swift */ = {isa = PBXFileReference; lastKnownFileType = sourcecode.swift; path = HomeScreenViewModel.swift; sourceTree = "<group>"; };
		22325A7620FBC3F100E5F8C6 /* TagCollectionViewCell.swift */ = {isa = PBXFileReference; lastKnownFileType = sourcecode.swift; path = TagCollectionViewCell.swift; sourceTree = "<group>"; };
		22325A7820FBC56B00E5F8C6 /* TagCollectionViewCellViewModel.swift */ = {isa = PBXFileReference; lastKnownFileType = sourcecode.swift; path = TagCollectionViewCellViewModel.swift; sourceTree = "<group>"; };
		223C0BE020E4449C00CF39ED /* LocalPersistence.swift */ = {isa = PBXFileReference; lastKnownFileType = sourcecode.swift; path = LocalPersistence.swift; sourceTree = "<group>"; };
		223C0C0520E5293500CF39ED /* PersistenceProtocol.swift */ = {isa = PBXFileReference; fileEncoding = 4; lastKnownFileType = sourcecode.swift; path = PersistenceProtocol.swift; sourceTree = "<group>"; };
		223C0C0720E529D600CF39ED /* Persistence.swift */ = {isa = PBXFileReference; lastKnownFileType = sourcecode.swift; path = Persistence.swift; sourceTree = "<group>"; };
		2241F36820ED08340069EFE9 /* TagModel.swift */ = {isa = PBXFileReference; lastKnownFileType = sourcecode.swift; path = TagModel.swift; sourceTree = "<group>"; };
		22456D2820DC3BB000168894 /* dateExtension.swift */ = {isa = PBXFileReference; lastKnownFileType = sourcecode.swift; path = dateExtension.swift; sourceTree = "<group>"; };
		2253179820D145AD0065C9F9 /* pt-BR */ = {isa = PBXFileReference; lastKnownFileType = text.plist.strings; name = "pt-BR"; path = "pt-BR.lproj/TaskList.strings"; sourceTree = "<group>"; };
		2253179920D145AE0065C9F9 /* pt-BR */ = {isa = PBXFileReference; lastKnownFileType = text.plist.strings; name = "pt-BR"; path = "pt-BR.lproj/LaunchScreen.strings"; sourceTree = "<group>"; };
		2253179B20D147AD0065C9F9 /* pt-BR */ = {isa = PBXFileReference; lastKnownFileType = text.plist.strings; name = "pt-BR"; path = "pt-BR.lproj/Localizable.strings"; sourceTree = "<group>"; };
		2253179D20D147B10065C9F9 /* en */ = {isa = PBXFileReference; lastKnownFileType = text.plist.strings; name = en; path = en.lproj/Localizable.strings; sourceTree = "<group>"; };
		2255B3AB211295DD00F2F37C /* radiusMapView.swift */ = {isa = PBXFileReference; lastKnownFileType = sourcecode.swift; path = radiusMapView.swift; sourceTree = "<group>"; };
		2255B3AD2113209800F2F37C /* LocationInputViewModel.swift */ = {isa = PBXFileReference; lastKnownFileType = sourcecode.swift; path = LocationInputViewModel.swift; sourceTree = "<group>"; };
		225852812100C5BE0011F4B0 /* TagsCollectionView.swift */ = {isa = PBXFileReference; lastKnownFileType = sourcecode.swift; path = TagsCollectionView.swift; sourceTree = "<group>"; };
		226CEA0420E17E87008CEB97 /* Strings.swift */ = {isa = PBXFileReference; lastKnownFileType = sourcecode.swift; path = Strings.swift; sourceTree = "<group>"; };
		2286A71520E3DF2100BE92AA /* Model.xcdatamodel */ = {isa = PBXFileReference; lastKnownFileType = wrapper.xcdatamodel; path = Model.xcdatamodel; sourceTree = "<group>"; };
		228BAD432108C22400E74AA9 /* Fonts.swift */ = {isa = PBXFileReference; lastKnownFileType = sourcecode.swift; path = Fonts.swift; sourceTree = "<group>"; };
		2299F07820F628A70074A834 /* LocationManager.swift */ = {isa = PBXFileReference; lastKnownFileType = sourcecode.swift; path = LocationManager.swift; sourceTree = "<group>"; };
		22CC1864210511CC00486B27 /* Colors.swift */ = {isa = PBXFileReference; lastKnownFileType = sourcecode.swift; path = Colors.swift; sourceTree = "<group>"; };
		22D84C62210BF1E3004B8969 /* LocationInputView.storyboard */ = {isa = PBXFileReference; lastKnownFileType = file.storyboard; path = LocationInputView.storyboard; sourceTree = "<group>"; };
		22D84C64210BF4D1004B8969 /* LocationInputView.swift */ = {isa = PBXFileReference; lastKnownFileType = sourcecode.swift; path = LocationInputView.swift; sourceTree = "<group>"; };
		2766B305F29EF8BE8DDEADCA /* Pods-BigChallengeUITests.debug.xcconfig */ = {isa = PBXFileReference; includeInIndex = 1; lastKnownFileType = text.xcconfig; name = "Pods-BigChallengeUITests.debug.xcconfig"; path = "Pods/Target Support Files/Pods-BigChallengeUITests/Pods-BigChallengeUITests.debug.xcconfig"; sourceTree = "<group>"; };
		2934BCC921003E0700B6A05A /* TaskTests.swift */ = {isa = PBXFileReference; lastKnownFileType = sourcecode.swift; path = TaskTests.swift; sourceTree = "<group>"; };
		294490ED20FD297200333F11 /* TaskViewModelTests.swift */ = {isa = PBXFileReference; lastKnownFileType = sourcecode.swift; path = TaskViewModelTests.swift; sourceTree = "<group>"; };
		29B6302721102B6A006D7A8A /* RemindersImporterTests.swift */ = {isa = PBXFileReference; lastKnownFileType = sourcecode.swift; path = RemindersImporterTests.swift; sourceTree = "<group>"; };
		29BEED5E2107E946008E2202 /* ImportDataPacket.swift */ = {isa = PBXFileReference; lastKnownFileType = sourcecode.swift; path = ImportDataPacket.swift; sourceTree = "<group>"; };
		2D020A78B9BEB6EB771DFE12 /* Pods-BigChallenge.debug.xcconfig */ = {isa = PBXFileReference; includeInIndex = 1; lastKnownFileType = text.xcconfig; name = "Pods-BigChallenge.debug.xcconfig"; path = "Pods/Target Support Files/Pods-BigChallenge/Pods-BigChallenge.debug.xcconfig"; sourceTree = "<group>"; };
		3B2823E64B1FC7A4411311AA /* Pods-BigChallengeUITests.release.xcconfig */ = {isa = PBXFileReference; includeInIndex = 1; lastKnownFileType = text.xcconfig; name = "Pods-BigChallengeUITests.release.xcconfig"; path = "Pods/Target Support Files/Pods-BigChallengeUITests/Pods-BigChallengeUITests.release.xcconfig"; sourceTree = "<group>"; };
		558C6AF329AB768E11815BB8 /* Pods_BigChallengeTests.framework */ = {isa = PBXFileReference; explicitFileType = wrapper.framework; includeInIndex = 0; path = Pods_BigChallengeTests.framework; sourceTree = BUILT_PRODUCTS_DIR; };
		717F662667FED0B8BDFBAA0B /* Pods-BigChallengeTests.debug.xcconfig */ = {isa = PBXFileReference; includeInIndex = 1; lastKnownFileType = text.xcconfig; name = "Pods-BigChallengeTests.debug.xcconfig"; path = "Pods/Target Support Files/Pods-BigChallengeTests/Pods-BigChallengeTests.debug.xcconfig"; sourceTree = "<group>"; };
		7E8708FC5A67C933F755CB93 /* Pods_BigChallenge.framework */ = {isa = PBXFileReference; explicitFileType = wrapper.framework; includeInIndex = 0; path = Pods_BigChallenge.framework; sourceTree = BUILT_PRODUCTS_DIR; };
		9F87A6CB4388F73CB0FDA3A1 /* Pods-BigChallengeTests.release.xcconfig */ = {isa = PBXFileReference; includeInIndex = 1; lastKnownFileType = text.xcconfig; name = "Pods-BigChallengeTests.release.xcconfig"; path = "Pods/Target Support Files/Pods-BigChallengeTests/Pods-BigChallengeTests.release.xcconfig"; sourceTree = "<group>"; };
		A18C9FEFF01841372B83A1C4 /* Pods_BigChallengeUITests.framework */ = {isa = PBXFileReference; explicitFileType = wrapper.framework; includeInIndex = 0; path = Pods_BigChallengeUITests.framework; sourceTree = BUILT_PRODUCTS_DIR; };
		AB08D99D8EA8EBF32B46628D /* Pods-BigChallenge.release.xcconfig */ = {isa = PBXFileReference; includeInIndex = 1; lastKnownFileType = text.xcconfig; name = "Pods-BigChallenge.release.xcconfig"; path = "Pods/Target Support Files/Pods-BigChallenge/Pods-BigChallenge.release.xcconfig"; sourceTree = "<group>"; };
		C21EACFF20B741BC005F0F85 /* HomeScreenCoordinator.swift */ = {isa = PBXFileReference; lastKnownFileType = sourcecode.swift; path = HomeScreenCoordinator.swift; sourceTree = "<group>"; };
		C21EAD0620B74757005F0F85 /* TaskListViewController.swift */ = {isa = PBXFileReference; lastKnownFileType = sourcecode.swift; path = TaskListViewController.swift; sourceTree = "<group>"; };
		C21EAD0A20B74F01005F0F85 /* StoryboardInstantiable.swift */ = {isa = PBXFileReference; lastKnownFileType = sourcecode.swift; path = StoryboardInstantiable.swift; sourceTree = "<group>"; };
		C21EAD0E20B75211005F0F85 /* TaskListViewModel.swift */ = {isa = PBXFileReference; lastKnownFileType = sourcecode.swift; path = TaskListViewModel.swift; sourceTree = "<group>"; };
		C21EAD1020B754AE005F0F85 /* Enums.swift */ = {isa = PBXFileReference; lastKnownFileType = sourcecode.swift; path = Enums.swift; sourceTree = "<group>"; };
		C231118C20FFC75200BCB000 /* NewTag.storyboard */ = {isa = PBXFileReference; fileEncoding = 4; lastKnownFileType = file.storyboard; path = NewTag.storyboard; sourceTree = "<group>"; };
		C231118D20FFC75200BCB000 /* NewTagTableViewController.swift */ = {isa = PBXFileReference; fileEncoding = 4; lastKnownFileType = sourcecode.swift; path = NewTagTableViewController.swift; sourceTree = "<group>"; };
		C231119020FFC92800BCB000 /* NewTaskViewModelProtocol.swift */ = {isa = PBXFileReference; lastKnownFileType = sourcecode.swift; path = NewTaskViewModelProtocol.swift; sourceTree = "<group>"; };
		C231119220FFC95300BCB000 /* NewTagViewModelProtocol.swift */ = {isa = PBXFileReference; lastKnownFileType = sourcecode.swift; path = NewTagViewModelProtocol.swift; sourceTree = "<group>"; };
		C23753AD20B6461E00C1CE15 /* Coordinator.swift */ = {isa = PBXFileReference; lastKnownFileType = sourcecode.swift; path = Coordinator.swift; sourceTree = "<group>"; };
		C23753AF20B6463700C1CE15 /* ApplicationCoordinator.swift */ = {isa = PBXFileReference; lastKnownFileType = sourcecode.swift; path = ApplicationCoordinator.swift; sourceTree = "<group>"; };
		C25F5AA82108FEB3001E1561 /* NewTaskViewController.swift */ = {isa = PBXFileReference; lastKnownFileType = sourcecode.swift; path = NewTaskViewController.swift; sourceTree = "<group>"; };
		C28DC91620B61CB6007F881A /* BigChallenge.app */ = {isa = PBXFileReference; explicitFileType = wrapper.application; includeInIndex = 0; path = BigChallenge.app; sourceTree = BUILT_PRODUCTS_DIR; };
		C28DC91920B61CB6007F881A /* AppDelegate.swift */ = {isa = PBXFileReference; lastKnownFileType = sourcecode.swift; path = AppDelegate.swift; sourceTree = "<group>"; };
		C28DC91E20B61CB6007F881A /* Base */ = {isa = PBXFileReference; lastKnownFileType = file.storyboard; name = Base; path = Base.lproj/TaskList.storyboard; sourceTree = "<group>"; };
		C28DC92020B61CB9007F881A /* Assets.xcassets */ = {isa = PBXFileReference; lastKnownFileType = folder.assetcatalog; path = Assets.xcassets; sourceTree = "<group>"; };
		C28DC92320B61CB9007F881A /* Base */ = {isa = PBXFileReference; lastKnownFileType = file.storyboard; name = Base; path = Base.lproj/LaunchScreen.storyboard; sourceTree = "<group>"; };
		C28DC92520B61CB9007F881A /* Info.plist */ = {isa = PBXFileReference; lastKnownFileType = text.plist.xml; path = Info.plist; sourceTree = "<group>"; };
		C29742C421123D3400A1D213 /* TaskFrame.storyboard */ = {isa = PBXFileReference; lastKnownFileType = file.storyboard; path = TaskFrame.storyboard; sourceTree = "<group>"; };
		C29742C921123E2D00A1D213 /* MoreOptions.storyboard */ = {isa = PBXFileReference; lastKnownFileType = file.storyboard; path = MoreOptions.storyboard; sourceTree = "<group>"; };
		C29742CB211244F800A1D213 /* MoreOptionsViewModelProtocol.swift */ = {isa = PBXFileReference; lastKnownFileType = sourcecode.swift; path = MoreOptionsViewModelProtocol.swift; sourceTree = "<group>"; };
		C29742CD211249B000A1D213 /* MoreOptionsViewModel.swift */ = {isa = PBXFileReference; lastKnownFileType = sourcecode.swift; path = MoreOptionsViewModel.swift; sourceTree = "<group>"; };
		C29742CF21124F1600A1D213 /* MoreOptionsTableViewCellViewModel.swift */ = {isa = PBXFileReference; lastKnownFileType = sourcecode.swift; path = MoreOptionsTableViewCellViewModel.swift; sourceTree = "<group>"; };
		C29742D1211257A600A1D213 /* TimeTableViewCellViewModel.swift */ = {isa = PBXFileReference; lastKnownFileType = sourcecode.swift; path = TimeTableViewCellViewModel.swift; sourceTree = "<group>"; };
		C29742D3211257B600A1D213 /* LocationTableViewCellViewModel.swift */ = {isa = PBXFileReference; lastKnownFileType = sourcecode.swift; path = LocationTableViewCellViewModel.swift; sourceTree = "<group>"; };
		C2A1113A20B8791E00ABB161 /* MockPersistence.swift */ = {isa = PBXFileReference; lastKnownFileType = sourcecode.swift; path = MockPersistence.swift; sourceTree = "<group>"; };
		C2A1113C20B88A2F00ABB161 /* Storable.swift */ = {isa = PBXFileReference; lastKnownFileType = sourcecode.swift; path = Storable.swift; sourceTree = "<group>"; };
		C2A1113F20B8A70A00ABB161 /* TaskCellViewModel.swift */ = {isa = PBXFileReference; lastKnownFileType = sourcecode.swift; path = TaskCellViewModel.swift; sourceTree = "<group>"; };
		C2A1114120B8AED400ABB161 /* TaskTableViewCell.swift */ = {isa = PBXFileReference; lastKnownFileType = sourcecode.swift; path = TaskTableViewCell.swift; sourceTree = "<group>"; };
		C2A1114620B9F6EF00ABB161 /* NewTask.storyboard */ = {isa = PBXFileReference; lastKnownFileType = file.storyboard; path = NewTask.storyboard; sourceTree = "<group>"; };
		C2A1115020B9FCDB00ABB161 /* NewTaskViewModel.swift */ = {isa = PBXFileReference; lastKnownFileType = sourcecode.swift; path = NewTaskViewModel.swift; sourceTree = "<group>"; };
		C2A1115220BA036800ABB161 /* NewTaskCoordinator.swift */ = {isa = PBXFileReference; lastKnownFileType = sourcecode.swift; path = NewTaskCoordinator.swift; sourceTree = "<group>"; };
		C2C231C020FD1AB2002A2371 /* NewTagViewModel.swift */ = {isa = PBXFileReference; lastKnownFileType = sourcecode.swift; path = NewTagViewModel.swift; sourceTree = "<group>"; };
		C2C231C420FD41AE002A2371 /* NewTagCoordinator.swift */ = {isa = PBXFileReference; lastKnownFileType = sourcecode.swift; path = NewTagCoordinator.swift; sourceTree = "<group>"; };
		C2DD9A27210D262D00E9B89B /* TaskFrameViewController.swift */ = {isa = PBXFileReference; lastKnownFileType = sourcecode.swift; path = TaskFrameViewController.swift; sourceTree = "<group>"; };
		C2DD9A3221114ADD00E9B89B /* MoreOptionsViewController.swift */ = {isa = PBXFileReference; lastKnownFileType = sourcecode.swift; path = MoreOptionsViewController.swift; sourceTree = "<group>"; };
		C2DD9A3421114FBC00E9B89B /* MoreOptionsTableViewCell.swift */ = {isa = PBXFileReference; lastKnownFileType = sourcecode.swift; path = MoreOptionsTableViewCell.swift; sourceTree = "<group>"; };
/* End PBXFileReference section */

/* Begin PBXFrameworksBuildPhase section */
		1627170A20C8793900AA0024 /* Frameworks */ = {
			isa = PBXFrameworksBuildPhase;
			buildActionMask = 2147483647;
			files = (
				1627EBEDDA20D9C1EB6BC691 /* Pods_BigChallengeTests.framework in Frameworks */,
			);
			runOnlyForDeploymentPostprocessing = 0;
		};
		1627171820C879AD00AA0024 /* Frameworks */ = {
			isa = PBXFrameworksBuildPhase;
			buildActionMask = 2147483647;
			files = (
				25A3EF9F7B0FADAB1A8E19B8 /* Pods_BigChallengeUITests.framework in Frameworks */,
			);
			runOnlyForDeploymentPostprocessing = 0;
		};
		C28DC91320B61CB6007F881A /* Frameworks */ = {
			isa = PBXFrameworksBuildPhase;
			buildActionMask = 2147483647;
			files = (
				EE3649E90DE055B9D5168F01 /* Pods_BigChallenge.framework in Frameworks */,
			);
			runOnlyForDeploymentPostprocessing = 0;
		};
/* End PBXFrameworksBuildPhase section */

/* Begin PBXGroup section */
		1627170E20C8793900AA0024 /* BigChallengeTests */ = {
			isa = PBXGroup;
			children = (
				1627170F20C8793900AA0024 /* BigChallengeTests.swift */,
				2934BCC921003E0700B6A05A /* TaskTests.swift */,
				1627171120C8793900AA0024 /* Info.plist */,
				294490ED20FD297200333F11 /* TaskViewModelTests.swift */,
				16EC6CE921065B2500797D9C /* TagTests.swift */,
				29B6302721102B6A006D7A8A /* RemindersImporterTests.swift */,
				16FDC138210BB237008FA931 /* NotificationTests.swift */,
			);
			path = BigChallengeTests;
			sourceTree = "<group>";
		};
		1627171C20C879AD00AA0024 /* BigChallengeUITests */ = {
			isa = PBXGroup;
			children = (
				1627171D20C879AD00AA0024 /* BigChallengeUITests.swift */,
				1627171F20C879AD00AA0024 /* Info.plist */,
			);
			path = BigChallengeUITests;
			sourceTree = "<group>";
		};
		1676FC8E20D9946E003E2D79 /* Model */ = {
			isa = PBXGroup;
			children = (
				1676FC8F20D99580003E2D79 /* TaskModel.swift */,
				2241F36820ED08340069EFE9 /* TagModel.swift */,
			);
			path = Model;
			sourceTree = "<group>";
		};
		16E8DD8C2110F5B9004F66D6 /* Fonts */ = {
			isa = PBXGroup;
			children = (
				16E8DDC8211205DD004F66D6 /* Barlow */,
			);
			path = Fonts;
			sourceTree = "<group>";
		};
		16E8DDC8211205DD004F66D6 /* Barlow */ = {
			isa = PBXGroup;
			children = (
				16E8DDC6211205C6004F66D6 /* Barlow-Black.ttf */,
				16E8DDBB211205C3004F66D6 /* Barlow-BlackItalic.ttf */,
				16E8DDB8211205C2004F66D6 /* Barlow-Bold.ttf */,
				16E8DDBE211205C4004F66D6 /* Barlow-BoldItalic.ttf */,
				16E8DDB7211205C2004F66D6 /* Barlow-ExtraBold.ttf */,
				16E8DDBD211205C4004F66D6 /* Barlow-ExtraBoldItalic.ttf */,
				16E8DDC3211205C5004F66D6 /* Barlow-ExtraLight.ttf */,
				16E8DDB9211205C3004F66D6 /* Barlow-ExtraLightItalic.ttf */,
				16E8DDC7211205C6004F66D6 /* Barlow-Italic.ttf */,
				16E8DDC4211205C5004F66D6 /* Barlow-Light.ttf */,
				16E8DDBC211205C3004F66D6 /* Barlow-LightItalic.ttf */,
				16E8DDBA211205C3004F66D6 /* Barlow-Medium.ttf */,
				16E8DDBF211205C4004F66D6 /* Barlow-MediumItalic.ttf */,
				16E8DDC0211205C4004F66D6 /* Barlow-Regular.ttf */,
				16E8DDC2211205C5004F66D6 /* Barlow-SemiBold.ttf */,
				16E8DDC5211205C5004F66D6 /* Barlow-SemiBoldItalic.ttf */,
				16E8DDC1211205C4004F66D6 /* Barlow-Thin.ttf */,
				16E8DDB6211205C1004F66D6 /* Barlow-ThinItalic.ttf */,
			);
			path = Barlow;
			sourceTree = "<group>";
		};
		16FDC13A210F8080008FA931 /* Managers */ = {
			isa = PBXGroup;
			children = (
				16FDC13B210F809A008FA931 /* NotificationManager.swift */,
			);
			path = Managers;
			sourceTree = "<group>";
		};
		221BA8AA20F698D000BE2AC1 /* HomeScreen */ = {
			isa = PBXGroup;
			children = (
				221BA8AD20F698F100BE2AC1 /* ViewModel */,
				221BA8AB20F698DC00BE2AC1 /* View */,
			);
			path = HomeScreen;
			sourceTree = "<group>";
		};
		221BA8AB20F698DC00BE2AC1 /* View */ = {
			isa = PBXGroup;
			children = (
				221BA8AE20F6991200BE2AC1 /* HomeScreen.storyboard */,
				221BA8B220F69E5C00BE2AC1 /* HomeScreenViewController.swift */,
			);
			path = View;
			sourceTree = "<group>";
		};
		221BA8AD20F698F100BE2AC1 /* ViewModel */ = {
			isa = PBXGroup;
			children = (
				22325A7320FB8E0500E5F8C6 /* HomeScreenViewModel.swift */,
			);
			path = ViewModel;
			sourceTree = "<group>";
		};
		221BA8B420F6A16300BE2AC1 /* TagsCollection */ = {
			isa = PBXGroup;
			children = (
				22325A7520FBBA4900E5F8C6 /* View */,
				221BA8BB20F6A2B500BE2AC1 /* ViewModel */,
			);
			path = TagsCollection;
			sourceTree = "<group>";
		};
		221BA8BB20F6A2B500BE2AC1 /* ViewModel */ = {
			isa = PBXGroup;
			children = (
				221BA8B920F6A26100BE2AC1 /* TagCollectionViewModel.swift */,
				22325A7820FBC56B00E5F8C6 /* TagCollectionViewCellViewModel.swift */,
			);
			path = ViewModel;
			sourceTree = "<group>";
		};
		222BFF9520EDB83B001B6BBF /* Importers */ = {
			isa = PBXGroup;
			children = (
				29BEED5E2107E946008E2202 /* ImportDataPacket.swift */,
				2965C40F20F6A81D001C988E /* Reminders */,
			);
			path = Importers;
			sourceTree = "<group>";
		};
		22325A7520FBBA4900E5F8C6 /* View */ = {
			isa = PBXGroup;
			children = (
				221BA8B520F6A18500BE2AC1 /* TagCollection.storyboard */,
				221BA8B720F6A1DF00BE2AC1 /* TagCollectionViewController.swift */,
				22205ADC20FF7ADF007689D7 /* BigTagCollectionViewController.swift */,
				22325A7620FBC3F100E5F8C6 /* TagCollectionViewCell.swift */,
				225852812100C5BE0011F4B0 /* TagsCollectionView.swift */,
			);
			path = View;
			sourceTree = "<group>";
		};
		2299F07720F6287F0074A834 /* Location */ = {
			isa = PBXGroup;
			children = (
				2299F07820F628A70074A834 /* LocationManager.swift */,
			);
			path = Location;
			sourceTree = "<group>";
		};
		22D84C5E210BEFE4004B8969 /* LocationInput */ = {
			isa = PBXGroup;
			children = (
				22D84C5F210BF12C004B8969 /* View */,
				22D84C66210BF4D8004B8969 /* ViewModel */,
			);
			path = LocationInput;
			sourceTree = "<group>";
		};
		22D84C5F210BF12C004B8969 /* View */ = {
			isa = PBXGroup;
			children = (
				22D84C62210BF1E3004B8969 /* LocationInputView.storyboard */,
				22D84C64210BF4D1004B8969 /* LocationInputView.swift */,
				2255B3AB211295DD00F2F37C /* radiusMapView.swift */,
			);
			path = View;
			sourceTree = "<group>";
		};
		22D84C66210BF4D8004B8969 /* ViewModel */ = {
			isa = PBXGroup;
			children = (
				2255B3AD2113209800F2F37C /* LocationInputViewModel.swift */,
			);
			path = ViewModel;
			sourceTree = "<group>";
		};
		2965C40F20F6A81D001C988E /* Reminders */ = {
			isa = PBXGroup;
			children = (
				222BFF9320ED92C7001B6BBF /* RemindersCommunicator.swift */,
				222BFF9620EDB854001B6BBF /* RemindersImporter.swift */,
			);
			path = Reminders;
			sourceTree = "<group>";
		};
		45EE167F10EAE72CE5635B25 /* Frameworks */ = {
			isa = PBXGroup;
			children = (
				220D7C1C20D02E5E007EC0DD /* RxSwift.framework */,
				7E8708FC5A67C933F755CB93 /* Pods_BigChallenge.framework */,
				558C6AF329AB768E11815BB8 /* Pods_BigChallengeTests.framework */,
				A18C9FEFF01841372B83A1C4 /* Pods_BigChallengeUITests.framework */,
			);
			name = Frameworks;
			sourceTree = "<group>";
		};
		6BF08872F858F444FF435658 /* Pods */ = {
			isa = PBXGroup;
			children = (
				2D020A78B9BEB6EB771DFE12 /* Pods-BigChallenge.debug.xcconfig */,
				AB08D99D8EA8EBF32B46628D /* Pods-BigChallenge.release.xcconfig */,
				717F662667FED0B8BDFBAA0B /* Pods-BigChallengeTests.debug.xcconfig */,
				9F87A6CB4388F73CB0FDA3A1 /* Pods-BigChallengeTests.release.xcconfig */,
				2766B305F29EF8BE8DDEADCA /* Pods-BigChallengeUITests.debug.xcconfig */,
				3B2823E64B1FC7A4411311AA /* Pods-BigChallengeUITests.release.xcconfig */,
			);
			name = Pods;
			sourceTree = "<group>";
		};
		C21EAD0120B745B6005F0F85 /* Resources */ = {
			isa = PBXGroup;
			children = (
				16E8DD8C2110F5B9004F66D6 /* Fonts */,
				C28DC92020B61CB9007F881A /* Assets.xcassets */,
				C28DC92220B61CB9007F881A /* LaunchScreen.storyboard */,
				C28DC92520B61CB9007F881A /* Info.plist */,
			);
			path = Resources;
			sourceTree = "<group>";
		};
		C21EAD0220B745E3005F0F85 /* Coordinators */ = {
			isa = PBXGroup;
			children = (
				C23753AD20B6461E00C1CE15 /* Coordinator.swift */,
				C23753AF20B6463700C1CE15 /* ApplicationCoordinator.swift */,
				C21EACFF20B741BC005F0F85 /* HomeScreenCoordinator.swift */,
				C2A1115220BA036800ABB161 /* NewTaskCoordinator.swift */,
				C2C231C420FD41AE002A2371 /* NewTagCoordinator.swift */,
			);
			path = Coordinators;
			sourceTree = "<group>";
		};
		C21EAD0320B745FE005F0F85 /* Screens */ = {
			isa = PBXGroup;
			children = (
				221BA8B420F6A16300BE2AC1 /* TagsCollection */,
				221BA8AA20F698D000BE2AC1 /* HomeScreen */,
				C2C231BD20FD1A53002A2371 /* NewTag */,
				C29742C121123CE300A1D213 /* TaskFrame */,
				C2A1114320B9F65200ABB161 /* NewTask */,
				C29742C621123DCD00A1D213 /* TaskMoreOptions */,
				22D84C5E210BEFE4004B8969 /* LocationInput */,
				C21EAD0420B74710005F0F85 /* TaskList */,
			);
			path = Screens;
			sourceTree = "<group>";
		};
		C21EAD0420B74710005F0F85 /* TaskList */ = {
			isa = PBXGroup;
			children = (
				C21EAD0520B74722005F0F85 /* View */,
				C21EAD0C20B751D7005F0F85 /* ViewModel */,
			);
			path = TaskList;
			sourceTree = "<group>";
		};
		C21EAD0520B74722005F0F85 /* View */ = {
			isa = PBXGroup;
			children = (
				C28DC91D20B61CB6007F881A /* TaskList.storyboard */,
				C21EAD0620B74757005F0F85 /* TaskListViewController.swift */,
				C2A1114120B8AED400ABB161 /* TaskTableViewCell.swift */,
			);
			path = View;
			sourceTree = "<group>";
		};
		C21EAD0920B74EE6005F0F85 /* Helpers */ = {
			isa = PBXGroup;
			children = (
				222BFF9520EDB83B001B6BBF /* Importers */,
				C21EAD0A20B74F01005F0F85 /* StoryboardInstantiable.swift */,
				2253179C20D147AD0065C9F9 /* Localizable.strings */,
				22456D2820DC3BB000168894 /* dateExtension.swift */,
				226CEA0420E17E87008CEB97 /* Strings.swift */,
				22CC1864210511CC00486B27 /* Colors.swift */,
				228BAD432108C22400E74AA9 /* Fonts.swift */,
			);
			path = Helpers;
			sourceTree = "<group>";
		};
		C21EAD0C20B751D7005F0F85 /* ViewModel */ = {
			isa = PBXGroup;
			children = (
				C21EAD0E20B75211005F0F85 /* TaskListViewModel.swift */,
				C2A1113F20B8A70A00ABB161 /* TaskCellViewModel.swift */,
			);
			path = ViewModel;
			sourceTree = "<group>";
		};
		C21EAD0D20B751E8005F0F85 /* Entities */ = {
			isa = PBXGroup;
			children = (
				C21EAD1020B754AE005F0F85 /* Enums.swift */,
				2286A71420E3DF2100BE92AA /* Model.xcdatamodeld */,
				1676FC8E20D9946E003E2D79 /* Model */,
			);
			path = Entities;
			sourceTree = "<group>";
		};
		C28DC90D20B61CB6007F881A = {
			isa = PBXGroup;
			children = (
				C28DC91820B61CB6007F881A /* BigChallenge */,
				1627170E20C8793900AA0024 /* BigChallengeTests */,
				1627171C20C879AD00AA0024 /* BigChallengeUITests */,
				C28DC91720B61CB6007F881A /* Products */,
				6BF08872F858F444FF435658 /* Pods */,
				45EE167F10EAE72CE5635B25 /* Frameworks */,
			);
			sourceTree = "<group>";
		};
		C28DC91720B61CB6007F881A /* Products */ = {
			isa = PBXGroup;
			children = (
				C28DC91620B61CB6007F881A /* BigChallenge.app */,
				1627170D20C8793900AA0024 /* BigChallengeTests.xctest */,
				1627171B20C879AD00AA0024 /* BigChallengeUITests.xctest */,
			);
			name = Products;
			sourceTree = "<group>";
		};
		C28DC91820B61CB6007F881A /* BigChallenge */ = {
			isa = PBXGroup;
			children = (
				C28DC91920B61CB6007F881A /* AppDelegate.swift */,
				C21EAD0220B745E3005F0F85 /* Coordinators */,
				C21EAD0D20B751E8005F0F85 /* Entities */,
				C21EAD0320B745FE005F0F85 /* Screens */,
				C21EAD0920B74EE6005F0F85 /* Helpers */,
				C21EAD0120B745B6005F0F85 /* Resources */,
				C2A1113720B878CC00ABB161 /* Persistence */,
				2299F07720F6287F0074A834 /* Location */,
				16FDC13A210F8080008FA931 /* Managers */,
			);
			path = BigChallenge;
			sourceTree = "<group>";
		};
		C29742C121123CE300A1D213 /* TaskFrame */ = {
			isa = PBXGroup;
			children = (
				C29742C221123CFC00A1D213 /* View */,
				C29742C321123D0300A1D213 /* ViewModel */,
			);
			path = TaskFrame;
			sourceTree = "<group>";
		};
		C29742C221123CFC00A1D213 /* View */ = {
			isa = PBXGroup;
			children = (
				C29742C421123D3400A1D213 /* TaskFrame.storyboard */,
				C2DD9A27210D262D00E9B89B /* TaskFrameViewController.swift */,
			);
			path = View;
			sourceTree = "<group>";
		};
		C29742C321123D0300A1D213 /* ViewModel */ = {
			isa = PBXGroup;
			children = (
			);
			path = ViewModel;
			sourceTree = "<group>";
		};
		C29742C621123DCD00A1D213 /* TaskMoreOptions */ = {
			isa = PBXGroup;
			children = (
				C29742C821123E0300A1D213 /* View */,
				C29742C721123DFD00A1D213 /* ViewModel */,
			);
			path = TaskMoreOptions;
			sourceTree = "<group>";
		};
		C29742C721123DFD00A1D213 /* ViewModel */ = {
			isa = PBXGroup;
			children = (
				C29742CB211244F800A1D213 /* MoreOptionsViewModelProtocol.swift */,
				C29742CD211249B000A1D213 /* MoreOptionsViewModel.swift */,
				C29742CF21124F1600A1D213 /* MoreOptionsTableViewCellViewModel.swift */,
				C29742D1211257A600A1D213 /* TimeTableViewCellViewModel.swift */,
				C29742D3211257B600A1D213 /* LocationTableViewCellViewModel.swift */,
			);
			path = ViewModel;
			sourceTree = "<group>";
		};
		C29742C821123E0300A1D213 /* View */ = {
			isa = PBXGroup;
			children = (
				C29742C921123E2D00A1D213 /* MoreOptions.storyboard */,
				C2DD9A3221114ADD00E9B89B /* MoreOptionsViewController.swift */,
				C2DD9A3421114FBC00E9B89B /* MoreOptionsTableViewCell.swift */,
			);
			path = View;
			sourceTree = "<group>";
		};
		C2A1113720B878CC00ABB161 /* Persistence */ = {
			isa = PBXGroup;
			children = (
				C2A1113E20B88A4900ABB161 /* Protocols */,
				223C0C0720E529D600CF39ED /* Persistence.swift */,
				C2A1113A20B8791E00ABB161 /* MockPersistence.swift */,
				223C0BE020E4449C00CF39ED /* LocalPersistence.swift */,
			);
			path = Persistence;
			sourceTree = "<group>";
		};
		C2A1113E20B88A4900ABB161 /* Protocols */ = {
			isa = PBXGroup;
			children = (
				C2A1113C20B88A2F00ABB161 /* Storable.swift */,
				223C0C0520E5293500CF39ED /* PersistenceProtocol.swift */,
			);
			path = Protocols;
			sourceTree = "<group>";
		};
		C2A1114320B9F65200ABB161 /* NewTask */ = {
			isa = PBXGroup;
			children = (
				C2A1114420B9F65C00ABB161 /* View */,
				C2A1114520B9F66600ABB161 /* ViewModel */,
			);
			path = NewTask;
			sourceTree = "<group>";
		};
		C2A1114420B9F65C00ABB161 /* View */ = {
			isa = PBXGroup;
			children = (
				C2A1114620B9F6EF00ABB161 /* NewTask.storyboard */,
				C25F5AA82108FEB3001E1561 /* NewTaskViewController.swift */,
			);
			path = View;
			sourceTree = "<group>";
		};
		C2A1114520B9F66600ABB161 /* ViewModel */ = {
			isa = PBXGroup;
			children = (
				C2A1115020B9FCDB00ABB161 /* NewTaskViewModel.swift */,
				C231119020FFC92800BCB000 /* NewTaskViewModelProtocol.swift */,
			);
			path = ViewModel;
			sourceTree = "<group>";
		};
		C2C231BD20FD1A53002A2371 /* NewTag */ = {
			isa = PBXGroup;
			children = (
				C2C231BE20FD1A68002A2371 /* View */,
				C2C231BF20FD1A71002A2371 /* ViewModel */,
			);
			path = NewTag;
			sourceTree = "<group>";
		};
		C2C231BE20FD1A68002A2371 /* View */ = {
			isa = PBXGroup;
			children = (
				C231118C20FFC75200BCB000 /* NewTag.storyboard */,
				C231118D20FFC75200BCB000 /* NewTagTableViewController.swift */,
			);
			path = View;
			sourceTree = "<group>";
		};
		C2C231BF20FD1A71002A2371 /* ViewModel */ = {
			isa = PBXGroup;
			children = (
				C2C231C020FD1AB2002A2371 /* NewTagViewModel.swift */,
				C231119220FFC95300BCB000 /* NewTagViewModelProtocol.swift */,
			);
			path = ViewModel;
			sourceTree = "<group>";
		};
/* End PBXGroup section */

/* Begin PBXNativeTarget section */
		1627170C20C8793900AA0024 /* BigChallengeTests */ = {
			isa = PBXNativeTarget;
			buildConfigurationList = 1627171420C8793900AA0024 /* Build configuration list for PBXNativeTarget "BigChallengeTests" */;
			buildPhases = (
				C6D80CDCAD21C4B14BECB9C6 /* [CP] Check Pods Manifest.lock */,
				1627170920C8793900AA0024 /* Sources */,
				1627170A20C8793900AA0024 /* Frameworks */,
				1627170B20C8793900AA0024 /* Resources */,
				FB3674A2885660B93A7DAD30 /* [CP] Embed Pods Frameworks */,
			);
			buildRules = (
			);
			dependencies = (
				1627171320C8793900AA0024 /* PBXTargetDependency */,
			);
			name = BigChallengeTests;
			productName = BigChallengeTests;
			productReference = 1627170D20C8793900AA0024 /* BigChallengeTests.xctest */;
			productType = "com.apple.product-type.bundle.unit-test";
		};
		1627171A20C879AD00AA0024 /* BigChallengeUITests */ = {
			isa = PBXNativeTarget;
			buildConfigurationList = 1627172220C879AD00AA0024 /* Build configuration list for PBXNativeTarget "BigChallengeUITests" */;
			buildPhases = (
				9BB5C177AEAF8FEBDD7DC279 /* [CP] Check Pods Manifest.lock */,
				1627171720C879AD00AA0024 /* Sources */,
				1627171820C879AD00AA0024 /* Frameworks */,
				1627171920C879AD00AA0024 /* Resources */,
				CEE65AF455124B1F6502DF75 /* [CP] Embed Pods Frameworks */,
			);
			buildRules = (
			);
			dependencies = (
				1627172120C879AD00AA0024 /* PBXTargetDependency */,
			);
			name = BigChallengeUITests;
			productName = BigChallengeUITests;
			productReference = 1627171B20C879AD00AA0024 /* BigChallengeUITests.xctest */;
			productType = "com.apple.product-type.bundle.ui-testing";
		};
		C28DC91520B61CB6007F881A /* BigChallenge */ = {
			isa = PBXNativeTarget;
			buildConfigurationList = C28DC92820B61CB9007F881A /* Build configuration list for PBXNativeTarget "BigChallenge" */;
			buildPhases = (
				B82CD480A753E33953458C3C /* [CP] Check Pods Manifest.lock */,
				C28DC91220B61CB6007F881A /* Sources */,
				C28DC91320B61CB6007F881A /* Frameworks */,
				C28DC91420B61CB6007F881A /* Resources */,
				7B8A3E05277891C7E4FEF6D7 /* [CP] Embed Pods Frameworks */,
				1628B48820C88A9E0038D65E /* Swift Lint Pod */,
			);
			buildRules = (
			);
			dependencies = (
			);
			name = BigChallenge;
			productName = BigChallenge;
			productReference = C28DC91620B61CB6007F881A /* BigChallenge.app */;
			productType = "com.apple.product-type.application";
		};
/* End PBXNativeTarget section */

/* Begin PBXProject section */
		C28DC90E20B61CB6007F881A /* Project object */ = {
			isa = PBXProject;
			attributes = {
				LastSwiftUpdateCheck = 0940;
				LastUpgradeCheck = 0930;
				ORGANIZATIONNAME = "Matheus Vaccaro";
				TargetAttributes = {
					1627170C20C8793900AA0024 = {
						CreatedOnToolsVersion = 9.4;
						TestTargetID = C28DC91520B61CB6007F881A;
					};
					1627171A20C879AD00AA0024 = {
						CreatedOnToolsVersion = 9.4;
						TestTargetID = C28DC91520B61CB6007F881A;
					};
					C28DC91520B61CB6007F881A = {
						CreatedOnToolsVersion = 9.3;
					};
				};
			};
			buildConfigurationList = C28DC91120B61CB6007F881A /* Build configuration list for PBXProject "BigChallenge" */;
			compatibilityVersion = "Xcode 9.3";
			developmentRegion = en;
			hasScannedForEncodings = 0;
			knownRegions = (
				en,
				Base,
			);
			mainGroup = C28DC90D20B61CB6007F881A;
			productRefGroup = C28DC91720B61CB6007F881A /* Products */;
			projectDirPath = "";
			projectRoot = "";
			targets = (
				C28DC91520B61CB6007F881A /* BigChallenge */,
				1627170C20C8793900AA0024 /* BigChallengeTests */,
				1627171A20C879AD00AA0024 /* BigChallengeUITests */,
			);
		};
/* End PBXProject section */

/* Begin PBXResourcesBuildPhase section */
		1627170B20C8793900AA0024 /* Resources */ = {
			isa = PBXResourcesBuildPhase;
			buildActionMask = 2147483647;
			files = (
			);
			runOnlyForDeploymentPostprocessing = 0;
		};
		1627171920C879AD00AA0024 /* Resources */ = {
			isa = PBXResourcesBuildPhase;
			buildActionMask = 2147483647;
			files = (
			);
			runOnlyForDeploymentPostprocessing = 0;
		};
		C28DC91420B61CB6007F881A /* Resources */ = {
			isa = PBXResourcesBuildPhase;
			buildActionMask = 2147483647;
			files = (
				16E8DDB22110F865004F66D6 /* Barlow-Thin.ttf in Resources */,
				C29742CA21123E2D00A1D213 /* MoreOptions.storyboard in Resources */,
				16E8DDA52110F865004F66D6 /* Barlow-BoldItalic.ttf in Resources */,
				16E8DDA82110F865004F66D6 /* Barlow-ExtraLight.ttf in Resources */,
				22D84C63210BF1E3004B8969 /* LocationInputView.storyboard in Resources */,
				16E8DDC9211205E8004F66D6 /* Barlow-Black.ttf in Resources */,
				221BA8B620F6A18500BE2AC1 /* TagCollection.storyboard in Resources */,
				16E8DDAB2110F865004F66D6 /* Barlow-Light.ttf in Resources */,
				16E8DDAA2110F865004F66D6 /* Barlow-Italic.ttf in Resources */,
				16E8DDB32110F865004F66D6 /* Barlow-ThinItalic.ttf in Resources */,
				C29742C521123D3400A1D213 /* TaskFrame.storyboard in Resources */,
				16E8DDA32110F865004F66D6 /* Barlow-BlackItalic.ttf in Resources */,
				16E8DDAF2110F865004F66D6 /* Barlow-Regular.ttf in Resources */,
				16E8DDAC2110F865004F66D6 /* Barlow-LightItalic.ttf in Resources */,
				16E8DDB02110F865004F66D6 /* Barlow-SemiBold.ttf in Resources */,
				16E8DDA92110F865004F66D6 /* Barlow-ExtraLightItalic.ttf in Resources */,
				16E8DDA62110F865004F66D6 /* Barlow-ExtraBold.ttf in Resources */,
				2253179A20D147AD0065C9F9 /* Localizable.strings in Resources */,
				C2A1114720B9F6EF00ABB161 /* NewTask.storyboard in Resources */,
				C28DC92420B61CB9007F881A /* LaunchScreen.storyboard in Resources */,
				16E8DDCE211205E8004F66D6 /* Barlow-ExtraBoldItalic.ttf in Resources */,
				221BA8AF20F6991200BE2AC1 /* HomeScreen.storyboard in Resources */,
				16E8DDD4211205E8004F66D6 /* Barlow-Medium.ttf in Resources */,
				16E8DDCB211205E8004F66D6 /* Barlow-Bold.ttf in Resources */,
				C28DC92120B61CB9007F881A /* Assets.xcassets in Resources */,
				16E8DDD8211205E8004F66D6 /* Barlow-SemiBoldItalic.ttf in Resources */,
				C231118E20FFC75200BCB000 /* NewTag.storyboard in Resources */,
				16E8DDD5211205E8004F66D6 /* Barlow-MediumItalic.ttf in Resources */,
				C28DC91F20B61CB6007F881A /* TaskList.storyboard in Resources */,
			);
			runOnlyForDeploymentPostprocessing = 0;
		};
/* End PBXResourcesBuildPhase section */

/* Begin PBXShellScriptBuildPhase section */
		1628B48820C88A9E0038D65E /* Swift Lint Pod */ = {
			isa = PBXShellScriptBuildPhase;
			buildActionMask = 2147483647;
			files = (
			);
			inputPaths = (
			);
			name = "Swift Lint Pod";
			outputPaths = (
			);
			runOnlyForDeploymentPostprocessing = 0;
			shellPath = /bin/sh;
			shellScript = "\"${PODS_ROOT}/SwiftLint/swiftlint\"\n";
		};
		7B8A3E05277891C7E4FEF6D7 /* [CP] Embed Pods Frameworks */ = {
			isa = PBXShellScriptBuildPhase;
			buildActionMask = 2147483647;
			files = (
			);
			inputPaths = (
				"${SRCROOT}/Pods/Target Support Files/Pods-BigChallenge/Pods-BigChallenge-frameworks.sh",
				"${BUILT_PRODUCTS_DIR}/Differentiator/Differentiator.framework",
				"${BUILT_PRODUCTS_DIR}/RxCocoa/RxCocoa.framework",
				"${BUILT_PRODUCTS_DIR}/RxDataSources/RxDataSources.framework",
				"${BUILT_PRODUCTS_DIR}/RxSwift/RxSwift.framework",
				"${BUILT_PRODUCTS_DIR}/UITextView+Placeholder/UITextView_Placeholder.framework",
			);
			name = "[CP] Embed Pods Frameworks";
			outputPaths = (
				"${TARGET_BUILD_DIR}/${FRAMEWORKS_FOLDER_PATH}/Differentiator.framework",
				"${TARGET_BUILD_DIR}/${FRAMEWORKS_FOLDER_PATH}/RxCocoa.framework",
				"${TARGET_BUILD_DIR}/${FRAMEWORKS_FOLDER_PATH}/RxDataSources.framework",
				"${TARGET_BUILD_DIR}/${FRAMEWORKS_FOLDER_PATH}/RxSwift.framework",
				"${TARGET_BUILD_DIR}/${FRAMEWORKS_FOLDER_PATH}/UITextView_Placeholder.framework",
			);
			runOnlyForDeploymentPostprocessing = 0;
			shellPath = /bin/sh;
			shellScript = "\"${SRCROOT}/Pods/Target Support Files/Pods-BigChallenge/Pods-BigChallenge-frameworks.sh\"\n";
			showEnvVarsInLog = 0;
		};
		9BB5C177AEAF8FEBDD7DC279 /* [CP] Check Pods Manifest.lock */ = {
			isa = PBXShellScriptBuildPhase;
			buildActionMask = 2147483647;
			files = (
			);
			inputPaths = (
				"${PODS_PODFILE_DIR_PATH}/Podfile.lock",
				"${PODS_ROOT}/Manifest.lock",
			);
			name = "[CP] Check Pods Manifest.lock";
			outputPaths = (
				"$(DERIVED_FILE_DIR)/Pods-BigChallengeUITests-checkManifestLockResult.txt",
			);
			runOnlyForDeploymentPostprocessing = 0;
			shellPath = /bin/sh;
			shellScript = "diff \"${PODS_PODFILE_DIR_PATH}/Podfile.lock\" \"${PODS_ROOT}/Manifest.lock\" > /dev/null\nif [ $? != 0 ] ; then\n    # print error to STDERR\n    echo \"error: The sandbox is not in sync with the Podfile.lock. Run 'pod install' or update your CocoaPods installation.\" >&2\n    exit 1\nfi\n# This output is used by Xcode 'outputs' to avoid re-running this script phase.\necho \"SUCCESS\" > \"${SCRIPT_OUTPUT_FILE_0}\"\n";
			showEnvVarsInLog = 0;
		};
		B82CD480A753E33953458C3C /* [CP] Check Pods Manifest.lock */ = {
			isa = PBXShellScriptBuildPhase;
			buildActionMask = 2147483647;
			files = (
			);
			inputPaths = (
				"${PODS_PODFILE_DIR_PATH}/Podfile.lock",
				"${PODS_ROOT}/Manifest.lock",
			);
			name = "[CP] Check Pods Manifest.lock";
			outputPaths = (
				"$(DERIVED_FILE_DIR)/Pods-BigChallenge-checkManifestLockResult.txt",
			);
			runOnlyForDeploymentPostprocessing = 0;
			shellPath = /bin/sh;
			shellScript = "diff \"${PODS_PODFILE_DIR_PATH}/Podfile.lock\" \"${PODS_ROOT}/Manifest.lock\" > /dev/null\nif [ $? != 0 ] ; then\n    # print error to STDERR\n    echo \"error: The sandbox is not in sync with the Podfile.lock. Run 'pod install' or update your CocoaPods installation.\" >&2\n    exit 1\nfi\n# This output is used by Xcode 'outputs' to avoid re-running this script phase.\necho \"SUCCESS\" > \"${SCRIPT_OUTPUT_FILE_0}\"\n";
			showEnvVarsInLog = 0;
		};
		C6D80CDCAD21C4B14BECB9C6 /* [CP] Check Pods Manifest.lock */ = {
			isa = PBXShellScriptBuildPhase;
			buildActionMask = 2147483647;
			files = (
			);
			inputPaths = (
				"${PODS_PODFILE_DIR_PATH}/Podfile.lock",
				"${PODS_ROOT}/Manifest.lock",
			);
			name = "[CP] Check Pods Manifest.lock";
			outputPaths = (
				"$(DERIVED_FILE_DIR)/Pods-BigChallengeTests-checkManifestLockResult.txt",
			);
			runOnlyForDeploymentPostprocessing = 0;
			shellPath = /bin/sh;
			shellScript = "diff \"${PODS_PODFILE_DIR_PATH}/Podfile.lock\" \"${PODS_ROOT}/Manifest.lock\" > /dev/null\nif [ $? != 0 ] ; then\n    # print error to STDERR\n    echo \"error: The sandbox is not in sync with the Podfile.lock. Run 'pod install' or update your CocoaPods installation.\" >&2\n    exit 1\nfi\n# This output is used by Xcode 'outputs' to avoid re-running this script phase.\necho \"SUCCESS\" > \"${SCRIPT_OUTPUT_FILE_0}\"\n";
			showEnvVarsInLog = 0;
		};
		CEE65AF455124B1F6502DF75 /* [CP] Embed Pods Frameworks */ = {
			isa = PBXShellScriptBuildPhase;
			buildActionMask = 2147483647;
			files = (
			);
			inputPaths = (
				"${SRCROOT}/Pods/Target Support Files/Pods-BigChallengeUITests/Pods-BigChallengeUITests-frameworks.sh",
				"${BUILT_PRODUCTS_DIR}/RxCocoa/RxCocoa.framework",
				"${BUILT_PRODUCTS_DIR}/RxSwift/RxSwift.framework",
				"${BUILT_PRODUCTS_DIR}/Nimble/Nimble.framework",
				"${BUILT_PRODUCTS_DIR}/Quick/Quick.framework",
			);
			name = "[CP] Embed Pods Frameworks";
			outputPaths = (
				"${TARGET_BUILD_DIR}/${FRAMEWORKS_FOLDER_PATH}/RxCocoa.framework",
				"${TARGET_BUILD_DIR}/${FRAMEWORKS_FOLDER_PATH}/RxSwift.framework",
				"${TARGET_BUILD_DIR}/${FRAMEWORKS_FOLDER_PATH}/Nimble.framework",
				"${TARGET_BUILD_DIR}/${FRAMEWORKS_FOLDER_PATH}/Quick.framework",
			);
			runOnlyForDeploymentPostprocessing = 0;
			shellPath = /bin/sh;
			shellScript = "\"${SRCROOT}/Pods/Target Support Files/Pods-BigChallengeUITests/Pods-BigChallengeUITests-frameworks.sh\"\n";
			showEnvVarsInLog = 0;
		};
		FB3674A2885660B93A7DAD30 /* [CP] Embed Pods Frameworks */ = {
			isa = PBXShellScriptBuildPhase;
			buildActionMask = 2147483647;
			files = (
			);
			inputPaths = (
				"${SRCROOT}/Pods/Target Support Files/Pods-BigChallengeTests/Pods-BigChallengeTests-frameworks.sh",
				"${BUILT_PRODUCTS_DIR}/RxCocoa/RxCocoa.framework",
				"${BUILT_PRODUCTS_DIR}/RxSwift/RxSwift.framework",
				"${BUILT_PRODUCTS_DIR}/Nimble/Nimble.framework",
				"${BUILT_PRODUCTS_DIR}/Quick/Quick.framework",
			);
			name = "[CP] Embed Pods Frameworks";
			outputPaths = (
				"${TARGET_BUILD_DIR}/${FRAMEWORKS_FOLDER_PATH}/RxCocoa.framework",
				"${TARGET_BUILD_DIR}/${FRAMEWORKS_FOLDER_PATH}/RxSwift.framework",
				"${TARGET_BUILD_DIR}/${FRAMEWORKS_FOLDER_PATH}/Nimble.framework",
				"${TARGET_BUILD_DIR}/${FRAMEWORKS_FOLDER_PATH}/Quick.framework",
			);
			runOnlyForDeploymentPostprocessing = 0;
			shellPath = /bin/sh;
			shellScript = "\"${SRCROOT}/Pods/Target Support Files/Pods-BigChallengeTests/Pods-BigChallengeTests-frameworks.sh\"\n";
			showEnvVarsInLog = 0;
		};
/* End PBXShellScriptBuildPhase section */

/* Begin PBXSourcesBuildPhase section */
		1627170920C8793900AA0024 /* Sources */ = {
			isa = PBXSourcesBuildPhase;
			buildActionMask = 2147483647;
			files = (
				16EC6CEA21065B2500797D9C /* TagTests.swift in Sources */,
				29B6302821102B6A006D7A8A /* RemindersImporterTests.swift in Sources */,
				1627171020C8793900AA0024 /* BigChallengeTests.swift in Sources */,
				223C0C3C20E5681200CF39ED /* Storable.swift in Sources */,
				223C0C3D20E5681500CF39ED /* PersistenceProtocol.swift in Sources */,
				223C0C4020E5697700CF39ED /* Enums.swift in Sources */,
				223C0C3920E5678100CF39ED /* LocalPersistence.swift in Sources */,
				2934BCCA21003E0700B6A05A /* TaskTests.swift in Sources */,
				16FDC139210BB237008FA931 /* NotificationTests.swift in Sources */,
				294490EE20FD297200333F11 /* TaskViewModelTests.swift in Sources */,
			);
			runOnlyForDeploymentPostprocessing = 0;
		};
		1627171720C879AD00AA0024 /* Sources */ = {
			isa = PBXSourcesBuildPhase;
			buildActionMask = 2147483647;
			files = (
				223C0C4120E5697800CF39ED /* Enums.swift in Sources */,
				1627171E20C879AD00AA0024 /* BigChallengeUITests.swift in Sources */,
			);
			runOnlyForDeploymentPostprocessing = 0;
		};
		C28DC91220B61CB6007F881A /* Sources */ = {
			isa = PBXSourcesBuildPhase;
			buildActionMask = 2147483647;
			files = (
				C2C231C520FD41AE002A2371 /* NewTagCoordinator.swift in Sources */,
				22CC1865210511CC00486B27 /* Colors.swift in Sources */,
				222BFF9420ED92C7001B6BBF /* RemindersCommunicator.swift in Sources */,
				C2A1114220B8AED400ABB161 /* TaskTableViewCell.swift in Sources */,
				2255B3AE2113209800F2F37C /* LocationInputViewModel.swift in Sources */,
				C21EAD0F20B75211005F0F85 /* TaskListViewModel.swift in Sources */,
				C28DC91A20B61CB6007F881A /* AppDelegate.swift in Sources */,
				C231118F20FFC75200BCB000 /* NewTagTableViewController.swift in Sources */,
				221BA8B320F69E5C00BE2AC1 /* HomeScreenViewController.swift in Sources */,
				223C0C3E20E568DE00CF39ED /* Enums.swift in Sources */,
				2255B3AC211295DD00F2F37C /* radiusMapView.swift in Sources */,
				C2A1115320BA036800ABB161 /* NewTaskCoordinator.swift in Sources */,
				22205ADD20FF7ADF007689D7 /* BigTagCollectionViewController.swift in Sources */,
				C23753AE20B6461E00C1CE15 /* Coordinator.swift in Sources */,
				2286A71620E3DF2100BE92AA /* Model.xcdatamodeld in Sources */,
				22325A7720FBC3F100E5F8C6 /* TagCollectionViewCell.swift in Sources */,
				223C0C0820E529D600CF39ED /* Persistence.swift in Sources */,
				226CEA0520E17E87008CEB97 /* Strings.swift in Sources */,
				29BEED5F2107E946008E2202 /* ImportDataPacket.swift in Sources */,
				223C0C0620E5293500CF39ED /* PersistenceProtocol.swift in Sources */,
				C29742CC211244F800A1D213 /* MoreOptionsViewModelProtocol.swift in Sources */,
				C231119120FFC92800BCB000 /* NewTaskViewModelProtocol.swift in Sources */,
				16FDC13C210F809A008FA931 /* NotificationManager.swift in Sources */,
				C2DD9A3321114ADD00E9B89B /* MoreOptionsViewController.swift in Sources */,
				228BAD442108C22400E74AA9 /* Fonts.swift in Sources */,
				22325A7920FBC56B00E5F8C6 /* TagCollectionViewCellViewModel.swift in Sources */,
				225852822100C5BE0011F4B0 /* TagsCollectionView.swift in Sources */,
				221BA8BA20F6A26100BE2AC1 /* TagCollectionViewModel.swift in Sources */,
				2299F07920F628A70074A834 /* LocationManager.swift in Sources */,
				2241F36920ED08340069EFE9 /* TagModel.swift in Sources */,
				C2A1113B20B8791E00ABB161 /* MockPersistence.swift in Sources */,
				C21EAD0020B741BC005F0F85 /* HomeScreenCoordinator.swift in Sources */,
				C23753B020B6463700C1CE15 /* ApplicationCoordinator.swift in Sources */,
				C2DD9A3521114FBC00E9B89B /* MoreOptionsTableViewCell.swift in Sources */,
				C29742CE211249B000A1D213 /* MoreOptionsViewModel.swift in Sources */,
				C2DD9A28210D262D00E9B89B /* TaskFrameViewController.swift in Sources */,
				22325A7420FB8E0500E5F8C6 /* HomeScreenViewModel.swift in Sources */,
				C29742D4211257B600A1D213 /* LocationTableViewCellViewModel.swift in Sources */,
				1676FC9020D99580003E2D79 /* TaskModel.swift in Sources */,
				C2A1113D20B88A2F00ABB161 /* Storable.swift in Sources */,
				22D84C65210BF4D1004B8969 /* LocationInputView.swift in Sources */,
				222BFF9720EDB854001B6BBF /* RemindersImporter.swift in Sources */,
				C25F5AA92108FEB3001E1561 /* NewTaskViewController.swift in Sources */,
				C231119320FFC95300BCB000 /* NewTagViewModelProtocol.swift in Sources */,
				C29742D021124F1600A1D213 /* MoreOptionsTableViewCellViewModel.swift in Sources */,
				C2A1114020B8A70A00ABB161 /* TaskCellViewModel.swift in Sources */,
				C2A1115120B9FCDB00ABB161 /* NewTaskViewModel.swift in Sources */,
				22456D2920DC3BB000168894 /* dateExtension.swift in Sources */,
				C21EAD0B20B74F01005F0F85 /* StoryboardInstantiable.swift in Sources */,
				C2C231C120FD1AB2002A2371 /* NewTagViewModel.swift in Sources */,
				223C0BE120E4449C00CF39ED /* LocalPersistence.swift in Sources */,
				C21EAD0720B74757005F0F85 /* TaskListViewController.swift in Sources */,
				C29742D2211257A600A1D213 /* TimeTableViewCellViewModel.swift in Sources */,
				221BA8B820F6A1DF00BE2AC1 /* TagCollectionViewController.swift in Sources */,
			);
			runOnlyForDeploymentPostprocessing = 0;
		};
/* End PBXSourcesBuildPhase section */

/* Begin PBXTargetDependency section */
		1627171320C8793900AA0024 /* PBXTargetDependency */ = {
			isa = PBXTargetDependency;
			target = C28DC91520B61CB6007F881A /* BigChallenge */;
			targetProxy = 1627171220C8793900AA0024 /* PBXContainerItemProxy */;
		};
		1627172120C879AD00AA0024 /* PBXTargetDependency */ = {
			isa = PBXTargetDependency;
			target = C28DC91520B61CB6007F881A /* BigChallenge */;
			targetProxy = 1627172020C879AD00AA0024 /* PBXContainerItemProxy */;
		};
/* End PBXTargetDependency section */

/* Begin PBXVariantGroup section */
		2253179C20D147AD0065C9F9 /* Localizable.strings */ = {
			isa = PBXVariantGroup;
			children = (
				2253179B20D147AD0065C9F9 /* pt-BR */,
				2253179D20D147B10065C9F9 /* en */,
			);
			name = Localizable.strings;
			sourceTree = "<group>";
		};
		C28DC91D20B61CB6007F881A /* TaskList.storyboard */ = {
			isa = PBXVariantGroup;
			children = (
				C28DC91E20B61CB6007F881A /* Base */,
				2253179820D145AD0065C9F9 /* pt-BR */,
				221BA8BD20F6B0EF00BE2AC1 /* en */,
			);
			name = TaskList.storyboard;
			sourceTree = "<group>";
		};
		C28DC92220B61CB9007F881A /* LaunchScreen.storyboard */ = {
			isa = PBXVariantGroup;
			children = (
				C28DC92320B61CB9007F881A /* Base */,
				2253179920D145AE0065C9F9 /* pt-BR */,
			);
			name = LaunchScreen.storyboard;
			sourceTree = "<group>";
		};
/* End PBXVariantGroup section */

/* Begin XCBuildConfiguration section */
		1627171520C8793900AA0024 /* Debug */ = {
			isa = XCBuildConfiguration;
			baseConfigurationReference = 717F662667FED0B8BDFBAA0B /* Pods-BigChallengeTests.debug.xcconfig */;
			buildSettings = {
				BUNDLE_LOADER = "$(TEST_HOST)";
				CODE_SIGN_IDENTITY = "iPhone Developer";
				CODE_SIGN_STYLE = Manual;
				DEVELOPMENT_TEAM = "";
				INFOPLIST_FILE = BigChallengeTests/Info.plist;
				IPHONEOS_DEPLOYMENT_TARGET = 11.4;
				LD_RUNPATH_SEARCH_PATHS = (
					"$(inherited)",
					"@executable_path/Frameworks",
					"@loader_path/Frameworks",
				);
				PRODUCT_BUNDLE_IDENTIFIER = matheusvaccaro.BigChallengeTests;
				PRODUCT_NAME = "$(TARGET_NAME)";
				PROVISIONING_PROFILE_SPECIFIER = "";
				SWIFT_VERSION = 4.0;
				TARGETED_DEVICE_FAMILY = "1,2";
				TEST_HOST = "$(BUILT_PRODUCTS_DIR)/BigChallenge.app/BigChallenge";
			};
			name = Debug;
		};
		1627171620C8793900AA0024 /* Release */ = {
			isa = XCBuildConfiguration;
			baseConfigurationReference = 9F87A6CB4388F73CB0FDA3A1 /* Pods-BigChallengeTests.release.xcconfig */;
			buildSettings = {
				BUNDLE_LOADER = "$(TEST_HOST)";
				CODE_SIGN_STYLE = Manual;
				DEVELOPMENT_TEAM = "";
				INFOPLIST_FILE = BigChallengeTests/Info.plist;
				IPHONEOS_DEPLOYMENT_TARGET = 11.4;
				LD_RUNPATH_SEARCH_PATHS = (
					"$(inherited)",
					"@executable_path/Frameworks",
					"@loader_path/Frameworks",
				);
				PRODUCT_BUNDLE_IDENTIFIER = matheusvaccaro.BigChallengeTests;
				PRODUCT_NAME = "$(TARGET_NAME)";
				PROVISIONING_PROFILE_SPECIFIER = "";
				SWIFT_VERSION = 4.0;
				TARGETED_DEVICE_FAMILY = "1,2";
				TEST_HOST = "$(BUILT_PRODUCTS_DIR)/BigChallenge.app/BigChallenge";
			};
			name = Release;
		};
		1627172320C879AD00AA0024 /* Debug */ = {
			isa = XCBuildConfiguration;
			baseConfigurationReference = 2766B305F29EF8BE8DDEADCA /* Pods-BigChallengeUITests.debug.xcconfig */;
			buildSettings = {
				CODE_SIGN_STYLE = Automatic;
				DEVELOPMENT_TEAM = 22SPKR75FE;
				INFOPLIST_FILE = BigChallengeUITests/Info.plist;
				IPHONEOS_DEPLOYMENT_TARGET = 11.4;
				LD_RUNPATH_SEARCH_PATHS = (
					"$(inherited)",
					"@executable_path/Frameworks",
					"@loader_path/Frameworks",
				);
				PRODUCT_BUNDLE_IDENTIFIER = matheusvaccaro.BigChallengeUITests;
				PRODUCT_NAME = "$(TARGET_NAME)";
				SWIFT_VERSION = 4.0;
				TARGETED_DEVICE_FAMILY = "1,2";
				TEST_TARGET_NAME = BigChallenge;
			};
			name = Debug;
		};
		1627172420C879AD00AA0024 /* Release */ = {
			isa = XCBuildConfiguration;
			baseConfigurationReference = 3B2823E64B1FC7A4411311AA /* Pods-BigChallengeUITests.release.xcconfig */;
			buildSettings = {
				CODE_SIGN_STYLE = Automatic;
				DEVELOPMENT_TEAM = 22SPKR75FE;
				INFOPLIST_FILE = BigChallengeUITests/Info.plist;
				IPHONEOS_DEPLOYMENT_TARGET = 11.4;
				LD_RUNPATH_SEARCH_PATHS = (
					"$(inherited)",
					"@executable_path/Frameworks",
					"@loader_path/Frameworks",
				);
				PRODUCT_BUNDLE_IDENTIFIER = matheusvaccaro.BigChallengeUITests;
				PRODUCT_NAME = "$(TARGET_NAME)";
				SWIFT_VERSION = 4.0;
				TARGETED_DEVICE_FAMILY = "1,2";
				TEST_TARGET_NAME = BigChallenge;
			};
			name = Release;
		};
		C28DC92620B61CB9007F881A /* Debug */ = {
			isa = XCBuildConfiguration;
			buildSettings = {
				ALWAYS_SEARCH_USER_PATHS = NO;
				CLANG_ANALYZER_LOCALIZABILITY_NONLOCALIZED = YES;
				CLANG_ANALYZER_NONNULL = YES;
				CLANG_ANALYZER_NUMBER_OBJECT_CONVERSION = YES_AGGRESSIVE;
				CLANG_CXX_LANGUAGE_STANDARD = "gnu++14";
				CLANG_CXX_LIBRARY = "libc++";
				CLANG_ENABLE_MODULES = YES;
				CLANG_ENABLE_OBJC_ARC = YES;
				CLANG_ENABLE_OBJC_WEAK = YES;
				CLANG_WARN_BLOCK_CAPTURE_AUTORELEASING = YES;
				CLANG_WARN_BOOL_CONVERSION = YES;
				CLANG_WARN_COMMA = YES;
				CLANG_WARN_CONSTANT_CONVERSION = YES;
				CLANG_WARN_DEPRECATED_OBJC_IMPLEMENTATIONS = YES;
				CLANG_WARN_DIRECT_OBJC_ISA_USAGE = YES_ERROR;
				CLANG_WARN_DOCUMENTATION_COMMENTS = YES;
				CLANG_WARN_EMPTY_BODY = YES;
				CLANG_WARN_ENUM_CONVERSION = YES;
				CLANG_WARN_INFINITE_RECURSION = YES;
				CLANG_WARN_INT_CONVERSION = YES;
				CLANG_WARN_NON_LITERAL_NULL_CONVERSION = YES;
				CLANG_WARN_OBJC_IMPLICIT_RETAIN_SELF = YES;
				CLANG_WARN_OBJC_LITERAL_CONVERSION = YES;
				CLANG_WARN_OBJC_ROOT_CLASS = YES_ERROR;
				CLANG_WARN_RANGE_LOOP_ANALYSIS = YES;
				CLANG_WARN_STRICT_PROTOTYPES = YES;
				CLANG_WARN_SUSPICIOUS_MOVE = YES;
				CLANG_WARN_UNGUARDED_AVAILABILITY = YES_AGGRESSIVE;
				CLANG_WARN_UNREACHABLE_CODE = YES;
				CLANG_WARN__DUPLICATE_METHOD_MATCH = YES;
				CODE_SIGN_IDENTITY = "iPhone Developer";
				COPY_PHASE_STRIP = NO;
				DEBUG_INFORMATION_FORMAT = dwarf;
				ENABLE_STRICT_OBJC_MSGSEND = YES;
				ENABLE_TESTABILITY = YES;
				GCC_C_LANGUAGE_STANDARD = gnu11;
				GCC_DYNAMIC_NO_PIC = NO;
				GCC_NO_COMMON_BLOCKS = YES;
				GCC_OPTIMIZATION_LEVEL = 0;
				GCC_PREPROCESSOR_DEFINITIONS = (
					"DEBUG=1",
					"$(inherited)",
				);
				GCC_WARN_64_TO_32_BIT_CONVERSION = YES;
				GCC_WARN_ABOUT_RETURN_TYPE = YES_ERROR;
				GCC_WARN_UNDECLARED_SELECTOR = YES;
				GCC_WARN_UNINITIALIZED_AUTOS = YES_AGGRESSIVE;
				GCC_WARN_UNUSED_FUNCTION = YES;
				GCC_WARN_UNUSED_VARIABLE = YES;
				IPHONEOS_DEPLOYMENT_TARGET = 11.3;
				MTL_ENABLE_DEBUG_INFO = YES;
				ONLY_ACTIVE_ARCH = YES;
				SDKROOT = iphoneos;
				SWIFT_ACTIVE_COMPILATION_CONDITIONS = DEBUG;
				SWIFT_OPTIMIZATION_LEVEL = "-Onone";
			};
			name = Debug;
		};
		C28DC92720B61CB9007F881A /* Release */ = {
			isa = XCBuildConfiguration;
			buildSettings = {
				ALWAYS_SEARCH_USER_PATHS = NO;
				CLANG_ANALYZER_LOCALIZABILITY_NONLOCALIZED = YES;
				CLANG_ANALYZER_NONNULL = YES;
				CLANG_ANALYZER_NUMBER_OBJECT_CONVERSION = YES_AGGRESSIVE;
				CLANG_CXX_LANGUAGE_STANDARD = "gnu++14";
				CLANG_CXX_LIBRARY = "libc++";
				CLANG_ENABLE_MODULES = YES;
				CLANG_ENABLE_OBJC_ARC = YES;
				CLANG_ENABLE_OBJC_WEAK = YES;
				CLANG_WARN_BLOCK_CAPTURE_AUTORELEASING = YES;
				CLANG_WARN_BOOL_CONVERSION = YES;
				CLANG_WARN_COMMA = YES;
				CLANG_WARN_CONSTANT_CONVERSION = YES;
				CLANG_WARN_DEPRECATED_OBJC_IMPLEMENTATIONS = YES;
				CLANG_WARN_DIRECT_OBJC_ISA_USAGE = YES_ERROR;
				CLANG_WARN_DOCUMENTATION_COMMENTS = YES;
				CLANG_WARN_EMPTY_BODY = YES;
				CLANG_WARN_ENUM_CONVERSION = YES;
				CLANG_WARN_INFINITE_RECURSION = YES;
				CLANG_WARN_INT_CONVERSION = YES;
				CLANG_WARN_NON_LITERAL_NULL_CONVERSION = YES;
				CLANG_WARN_OBJC_IMPLICIT_RETAIN_SELF = YES;
				CLANG_WARN_OBJC_LITERAL_CONVERSION = YES;
				CLANG_WARN_OBJC_ROOT_CLASS = YES_ERROR;
				CLANG_WARN_RANGE_LOOP_ANALYSIS = YES;
				CLANG_WARN_STRICT_PROTOTYPES = YES;
				CLANG_WARN_SUSPICIOUS_MOVE = YES;
				CLANG_WARN_UNGUARDED_AVAILABILITY = YES_AGGRESSIVE;
				CLANG_WARN_UNREACHABLE_CODE = YES;
				CLANG_WARN__DUPLICATE_METHOD_MATCH = YES;
				CODE_SIGN_IDENTITY = "iPhone Developer";
				COPY_PHASE_STRIP = NO;
				DEBUG_INFORMATION_FORMAT = "dwarf-with-dsym";
				ENABLE_NS_ASSERTIONS = NO;
				ENABLE_STRICT_OBJC_MSGSEND = YES;
				GCC_C_LANGUAGE_STANDARD = gnu11;
				GCC_NO_COMMON_BLOCKS = YES;
				GCC_WARN_64_TO_32_BIT_CONVERSION = YES;
				GCC_WARN_ABOUT_RETURN_TYPE = YES_ERROR;
				GCC_WARN_UNDECLARED_SELECTOR = YES;
				GCC_WARN_UNINITIALIZED_AUTOS = YES_AGGRESSIVE;
				GCC_WARN_UNUSED_FUNCTION = YES;
				GCC_WARN_UNUSED_VARIABLE = YES;
				IPHONEOS_DEPLOYMENT_TARGET = 11.3;
				MTL_ENABLE_DEBUG_INFO = NO;
				SDKROOT = iphoneos;
				SWIFT_COMPILATION_MODE = wholemodule;
				SWIFT_OPTIMIZATION_LEVEL = "-O";
				VALIDATE_PRODUCT = YES;
			};
			name = Release;
		};
		C28DC92920B61CB9007F881A /* Debug */ = {
			isa = XCBuildConfiguration;
			baseConfigurationReference = 2D020A78B9BEB6EB771DFE12 /* Pods-BigChallenge.debug.xcconfig */;
			buildSettings = {
				ASSETCATALOG_COMPILER_APPICON_NAME = AppIcon;
				CODE_SIGN_STYLE = Manual;
				DEVELOPMENT_TEAM = D9KU92KK65;
				INFOPLIST_FILE = "$(SRCROOT)/BigChallenge/Resources/Info.plist";
				IPHONEOS_DEPLOYMENT_TARGET = 11.0;
				LD_RUNPATH_SEARCH_PATHS = (
					"$(inherited)",
					"@executable_path/Frameworks",
				);
				PRODUCT_BUNDLE_IDENTIFIER = com.bigBeanie.finalChallenge;
				PRODUCT_NAME = "$(TARGET_NAME)";
				PROVISIONING_PROFILE = "23b529ed-b2f2-4db8-9f20-e4806f6e4e23";
				PROVISIONING_PROFILE_SPECIFIER = finalChallengeDev;
				SWIFT_ACTIVE_COMPILATION_CONDITIONS = DEBUG;
				SWIFT_VERSION = 4.0;
				TARGETED_DEVICE_FAMILY = 1;
			};
			name = Debug;
		};
		C28DC92A20B61CB9007F881A /* Release */ = {
			isa = XCBuildConfiguration;
			baseConfigurationReference = AB08D99D8EA8EBF32B46628D /* Pods-BigChallenge.release.xcconfig */;
			buildSettings = {
				ASSETCATALOG_COMPILER_APPICON_NAME = AppIcon;
				CODE_SIGN_IDENTITY = "iPhone Distribution";
				CODE_SIGN_STYLE = Manual;
				DEVELOPMENT_TEAM = D9KU92KK65;
				INFOPLIST_FILE = "$(SRCROOT)/BigChallenge/Resources/Info.plist";
				IPHONEOS_DEPLOYMENT_TARGET = 11.0;
				LD_RUNPATH_SEARCH_PATHS = (
					"$(inherited)",
					"@executable_path/Frameworks",
				);
				PRODUCT_BUNDLE_IDENTIFIER = com.bigBeanie.finalChallenge;
				PRODUCT_NAME = "$(TARGET_NAME)";
				PROVISIONING_PROFILE = "78172e39-28ea-4cd8-a3d9-04eeb8a67eac";
				PROVISIONING_PROFILE_SPECIFIER = FinalChallengeDist;
				SWIFT_ACTIVE_COMPILATION_CONDITIONS = RELEASE;
				SWIFT_VERSION = 4.0;
				TARGETED_DEVICE_FAMILY = 1;
			};
			name = Release;
		};
/* End XCBuildConfiguration section */

/* Begin XCConfigurationList section */
		1627171420C8793900AA0024 /* Build configuration list for PBXNativeTarget "BigChallengeTests" */ = {
			isa = XCConfigurationList;
			buildConfigurations = (
				1627171520C8793900AA0024 /* Debug */,
				1627171620C8793900AA0024 /* Release */,
			);
			defaultConfigurationIsVisible = 0;
			defaultConfigurationName = Debug;
		};
		1627172220C879AD00AA0024 /* Build configuration list for PBXNativeTarget "BigChallengeUITests" */ = {
			isa = XCConfigurationList;
			buildConfigurations = (
				1627172320C879AD00AA0024 /* Debug */,
				1627172420C879AD00AA0024 /* Release */,
			);
			defaultConfigurationIsVisible = 0;
			defaultConfigurationName = Debug;
		};
		C28DC91120B61CB6007F881A /* Build configuration list for PBXProject "BigChallenge" */ = {
			isa = XCConfigurationList;
			buildConfigurations = (
				C28DC92620B61CB9007F881A /* Debug */,
				C28DC92720B61CB9007F881A /* Release */,
			);
			defaultConfigurationIsVisible = 0;
			defaultConfigurationName = Debug;
		};
		C28DC92820B61CB9007F881A /* Build configuration list for PBXNativeTarget "BigChallenge" */ = {
			isa = XCConfigurationList;
			buildConfigurations = (
				C28DC92920B61CB9007F881A /* Debug */,
				C28DC92A20B61CB9007F881A /* Release */,
			);
			defaultConfigurationIsVisible = 0;
			defaultConfigurationName = Debug;
		};
/* End XCConfigurationList section */

/* Begin XCVersionGroup section */
		2286A71420E3DF2100BE92AA /* Model.xcdatamodeld */ = {
			isa = XCVersionGroup;
			children = (
				2286A71520E3DF2100BE92AA /* Model.xcdatamodel */,
			);
			currentVersion = 2286A71520E3DF2100BE92AA /* Model.xcdatamodel */;
			path = Model.xcdatamodeld;
			sourceTree = "<group>";
			versionGroupType = wrapper.xcdatamodel;
		};
/* End XCVersionGroup section */
	};
	rootObject = C28DC90E20B61CB6007F881A /* Project object */;
}
